<?xml version="1.0"?>
<plist version="1.0">
	<dict>
		<key>archiveVersion</key>
		<string>1</string>
		<key>classes</key>
		<dict />
		<key>objectVersion</key>
		<string>46</string>
		<key>objects</key>
		<dict>
			<key>B4C80C511A91F6A5A798FBD9</key>
			<dict>
				<key>explicitFileType</key>
				<string>sourcecode.c.h</string>
				<key>fileEncoding</key>
				<string>30</string>
				<key>isa</key>
				<string>PBXFileReference</string>
				<key>name</key>
				<string>CreEPS_Types.hpp</string>
				<key>path</key>
				<string>../../../../addons/ofxVectorGraphics/libs/CreEPS_Types.hpp</string>
				<key>sourceTree</key>
				<string>SOURCE_ROOT</string>
			</dict>
			<key>37615089CAC552C7E48D8A57</key>
			<dict>
				<key>explicitFileType</key>
				<string>sourcecode.c.h</string>
				<key>fileEncoding</key>
				<string>30</string>
				<key>isa</key>
				<string>PBXFileReference</string>
				<key>name</key>
				<string>CreEPS.hpp</string>
				<key>path</key>
				<string>../../../../addons/ofxVectorGraphics/libs/CreEPS.hpp</string>
				<key>sourceTree</key>
				<string>SOURCE_ROOT</string>
			</dict>
			<key>0F437E4761003E66B16524BE</key>
			<dict>
				<key>children</key>
				<array>
					<string>831D5EDDF377425ACBDE609A</string>
					<string>37615089CAC552C7E48D8A57</string>
					<string>B4C80C511A91F6A5A798FBD9</string>
				</array>
				<key>isa</key>
				<string>PBXGroup</string>
				<key>name</key>
				<string>libs</string>
				<key>sourceTree</key>
				<string>&lt;group&gt;</string>
			</dict>
			<key>290821BD417A06544384FBB4</key>
			<dict>
				<key>fileRef</key>
				<string>831D5EDDF377425ACBDE609A</string>
				<key>isa</key>
				<string>PBXBuildFile</string>
			</dict>
			<key>831D5EDDF377425ACBDE609A</key>
			<dict>
				<key>explicitFileType</key>
				<string>sourcecode.cpp.cpp</string>
				<key>fileEncoding</key>
				<string>30</string>
				<key>isa</key>
				<string>PBXFileReference</string>
				<key>name</key>
				<string>CreEPS.cpp</string>
				<key>path</key>
				<string>../../../../addons/ofxVectorGraphics/libs/CreEPS.cpp</string>
				<key>sourceTree</key>
				<string>SOURCE_ROOT</string>
			</dict>
			<key>BC7E97185323857374AFC14D</key>
			<dict>
				<key>explicitFileType</key>
				<string>sourcecode.c.h</string>
				<key>fileEncoding</key>
				<string>30</string>
				<key>isa</key>
				<string>PBXFileReference</string>
				<key>name</key>
				<string>ofxVectorGraphics.h</string>
				<key>path</key>
				<string>../../../../addons/ofxVectorGraphics/src/ofxVectorGraphics.h</string>
				<key>sourceTree</key>
				<string>SOURCE_ROOT</string>
			</dict>
			<key>3801B04C72ADFE74ED284693</key>
			<dict>
				<key>children</key>
				<array>
					<string>C014B431C67BE93BA793484A</string>
					<string>BC7E97185323857374AFC14D</string>
				</array>
				<key>isa</key>
				<string>PBXGroup</string>
				<key>name</key>
				<string>src</string>
				<key>sourceTree</key>
				<string>&lt;group&gt;</string>
			</dict>
			<key>916B8DF9E7519F5BB8A2990B</key>
			<dict>
				<key>children</key>
				<array>
					<string>3801B04C72ADFE74ED284693</string>
					<string>0F437E4761003E66B16524BE</string>
				</array>
				<key>isa</key>
				<string>PBXGroup</string>
				<key>name</key>
				<string>ofxVectorGraphics</string>
				<key>sourceTree</key>
				<string>&lt;group&gt;</string>
			</dict>
			<key>D5D4E8F680162BC6801314BC</key>
			<dict>
				<key>fileRef</key>
				<string>C014B431C67BE93BA793484A</string>
				<key>isa</key>
				<string>PBXBuildFile</string>
			</dict>
			<key>C014B431C67BE93BA793484A</key>
			<dict>
				<key>explicitFileType</key>
				<string>sourcecode.cpp.cpp</string>
				<key>fileEncoding</key>
				<string>30</string>
				<key>isa</key>
				<string>PBXFileReference</string>
				<key>name</key>
				<string>ofxVectorGraphics.cpp</string>
				<key>path</key>
				<string>../../../../addons/ofxVectorGraphics/src/ofxVectorGraphics.cpp</string>
				<key>sourceTree</key>
				<string>SOURCE_ROOT</string>
			</dict>
			<key>D8A160EABD353CEB0BD7B589</key>
			<dict>
				<key>fileRef</key>
				<string>C177B16E90BBE50B8F816430</string>
				<key>isa</key>
				<string>PBXBuildFile</string>
			</dict>
			<key>C177B16E90BBE50B8F816430</key>
			<dict>
				<key>explicitFileType</key>
				<string>sourcecode.cpp.cpp</string>
				<key>fileEncoding</key>
				<string>30</string>
				<key>isa</key>
				<string>PBXFileReference</string>
				<key>name</key>
				<string>svgtiny_list.cpp</string>
				<key>path</key>
				<string>../../../../addons/ofxSvg/libs/svgTiny/src/svgtiny_list.cpp</string>
				<key>sourceTree</key>
				<string>SOURCE_ROOT</string>
			</dict>
			<key>80B7A3B8D0F20BE3D70B6014</key>
			<dict>
				<key>explicitFileType</key>
				<string>sourcecode.c.h</string>
				<key>fileEncoding</key>
				<string>30</string>
				<key>isa</key>
				<string>PBXFileReference</string>
				<key>name</key>
				<string>svgtiny_internal.h</string>
				<key>path</key>
				<string>../../../../addons/ofxSvg/libs/svgTiny/src/svgtiny_internal.h</string>
				<key>sourceTree</key>
				<string>SOURCE_ROOT</string>
			</dict>
			<key>F920A2ED2471F9D7A33F9053</key>
			<dict>
				<key>fileRef</key>
				<string>F6D20C785F8DACAB462CFAC9</string>
				<key>isa</key>
				<string>PBXBuildFile</string>
			</dict>
			<key>F6D20C785F8DACAB462CFAC9</key>
			<dict>
				<key>explicitFileType</key>
				<string>sourcecode.cpp.cpp</string>
				<key>fileEncoding</key>
				<string>30</string>
				<key>isa</key>
				<string>PBXFileReference</string>
				<key>name</key>
				<string>svgtiny_gradient.cpp</string>
				<key>path</key>
				<string>../../../../addons/ofxSvg/libs/svgTiny/src/svgtiny_gradient.cpp</string>
				<key>sourceTree</key>
				<string>SOURCE_ROOT</string>
			</dict>
			<key>20A9AB7ED496A72C94DCA3DE</key>
			<dict>
				<key>explicitFileType</key>
				<string>sourcecode.c.h</string>
				<key>fileEncoding</key>
				<string>30</string>
				<key>isa</key>
				<string>PBXFileReference</string>
				<key>name</key>
				<string>svgtiny.h</string>
				<key>path</key>
				<string>../../../../addons/ofxSvg/libs/svgTiny/src/svgtiny.h</string>
				<key>sourceTree</key>
				<string>SOURCE_ROOT</string>
			</dict>
			<key>8D89CB145BA34628BB713750</key>
			<dict>
				<key>fileRef</key>
				<string>6C6CE80FFD586FF67188F9D4</string>
				<key>isa</key>
				<string>PBXBuildFile</string>
			</dict>
			<key>6C6CE80FFD586FF67188F9D4</key>
			<dict>
				<key>explicitFileType</key>
				<string>sourcecode.cpp.cpp</string>
				<key>fileEncoding</key>
				<string>30</string>
				<key>isa</key>
				<string>PBXFileReference</string>
				<key>name</key>
				<string>svgtiny.cpp</string>
				<key>path</key>
				<string>../../../../addons/ofxSvg/libs/svgTiny/src/svgtiny.cpp</string>
				<key>sourceTree</key>
				<string>SOURCE_ROOT</string>
			</dict>
			<key>5CE3B297CDC4075D3D2398C5</key>
			<dict>
				<key>children</key>
				<array>
					<string>33AAEF687659C1D5BCCE13AE</string>
					<string>6C6CE80FFD586FF67188F9D4</string>
					<string>20A9AB7ED496A72C94DCA3DE</string>
					<string>F6D20C785F8DACAB462CFAC9</string>
					<string>80B7A3B8D0F20BE3D70B6014</string>
					<string>C177B16E90BBE50B8F816430</string>
				</array>
				<key>isa</key>
				<string>PBXGroup</string>
				<key>name</key>
				<string>src</string>
				<key>sourceTree</key>
				<string>&lt;group&gt;</string>
			</dict>
			<key>31941BAC71B339F7A3E32124</key>
			<dict>
				<key>children</key>
				<array>
					<string>5CE3B297CDC4075D3D2398C5</string>
				</array>
				<key>isa</key>
				<string>PBXGroup</string>
				<key>name</key>
				<string>svgTiny</string>
				<key>sourceTree</key>
				<string>&lt;group&gt;</string>
			</dict>
			<key>BF0BF2682B4F1C8B2D7A515B</key>
			<dict>
				<key>children</key>
				<array>
					<string>31941BAC71B339F7A3E32124</string>
				</array>
				<key>isa</key>
				<string>PBXGroup</string>
				<key>name</key>
				<string>libs</string>
				<key>sourceTree</key>
				<string>&lt;group&gt;</string>
			</dict>
			<key>53BB37401F944965FEA95262</key>
			<dict>
				<key>fileRef</key>
				<string>33AAEF687659C1D5BCCE13AE</string>
				<key>isa</key>
				<string>PBXBuildFile</string>
			</dict>
			<key>33AAEF687659C1D5BCCE13AE</key>
			<dict>
				<key>explicitFileType</key>
				<string>sourcecode.cpp.cpp</string>
				<key>fileEncoding</key>
				<string>30</string>
				<key>isa</key>
				<string>PBXFileReference</string>
				<key>name</key>
				<string>src_colors.cpp</string>
				<key>path</key>
				<string>../../../../addons/ofxSvg/libs/svgTiny/src/src_colors.cpp</string>
				<key>sourceTree</key>
				<string>SOURCE_ROOT</string>
			</dict>
			<key>04A7778481DDDD270D4946D0</key>
			<dict>
				<key>explicitFileType</key>
				<string>sourcecode.c.h</string>
				<key>fileEncoding</key>
				<string>30</string>
				<key>isa</key>
				<string>PBXFileReference</string>
				<key>name</key>
				<string>ofxSvg.h</string>
				<key>path</key>
				<string>../../../../addons/ofxSvg/src/ofxSvg.h</string>
				<key>sourceTree</key>
				<string>SOURCE_ROOT</string>
			</dict>
			<key>DBB3EF673AE7E843FD50910D</key>
			<dict>
				<key>children</key>
				<array>
					<string>43343B8F936EC6604BA0B984</string>
					<string>04A7778481DDDD270D4946D0</string>
				</array>
				<key>isa</key>
				<string>PBXGroup</string>
				<key>name</key>
				<string>src</string>
				<key>sourceTree</key>
				<string>&lt;group&gt;</string>
			</dict>
			<key>F5F1F1EF8441E64FD46F07C8</key>
			<dict>
				<key>children</key>
				<array>
					<string>DBB3EF673AE7E843FD50910D</string>
					<string>BF0BF2682B4F1C8B2D7A515B</string>
				</array>
				<key>isa</key>
				<string>PBXGroup</string>
				<key>name</key>
				<string>ofxSvg</string>
				<key>sourceTree</key>
				<string>&lt;group&gt;</string>
			</dict>
			<key>23B3A204101C7B8730D52596</key>
			<dict>
				<key>fileRef</key>
				<string>43343B8F936EC6604BA0B984</string>
				<key>isa</key>
				<string>PBXBuildFile</string>
			</dict>
			<key>43343B8F936EC6604BA0B984</key>
			<dict>
				<key>explicitFileType</key>
				<string>sourcecode.cpp.cpp</string>
				<key>fileEncoding</key>
				<string>30</string>
				<key>isa</key>
				<string>PBXFileReference</string>
				<key>name</key>
				<string>ofxSvg.cpp</string>
				<key>path</key>
				<string>../../../../addons/ofxSvg/src/ofxSvg.cpp</string>
				<key>sourceTree</key>
				<string>SOURCE_ROOT</string>
			</dict>
			<key>A8ACD41DB0B753BB961BFBCC</key>
			<dict>
				<key>explicitFileType</key>
				<string>sourcecode.c.h</string>
				<key>fileEncoding</key>
				<string>30</string>
				<key>isa</key>
				<string>PBXFileReference</string>
				<key>name</key>
				<string>ofxDatGuiThemes.h</string>
				<key>path</key>
				<string>../../../../addons/ofxDatGui/src/themes/ofxDatGuiThemes.h</string>
				<key>sourceTree</key>
				<string>SOURCE_ROOT</string>
			</dict>
			<key>911FE1C75E520EE70A7B4830</key>
			<dict>
				<key>children</key>
				<array>
					<string>9526AB89FC70FEC9AA92DE97</string>
					<string>A8ACD41DB0B753BB961BFBCC</string>
				</array>
				<key>isa</key>
				<string>PBXGroup</string>
				<key>name</key>
				<string>themes</string>
				<key>sourceTree</key>
				<string>&lt;group&gt;</string>
			</dict>
			<key>9526AB89FC70FEC9AA92DE97</key>
			<dict>
				<key>explicitFileType</key>
				<string>sourcecode.c.h</string>
				<key>fileEncoding</key>
				<string>30</string>
				<key>isa</key>
				<string>PBXFileReference</string>
				<key>name</key>
				<string>ofxDatGuiTheme.h</string>
				<key>path</key>
				<string>../../../../addons/ofxDatGui/src/themes/ofxDatGuiTheme.h</string>
				<key>sourceTree</key>
				<string>SOURCE_ROOT</string>
			</dict>
			<key>570BF763CB5C52B13B6348A3</key>
			<dict>
				<key>explicitFileType</key>
				<string>sourcecode.c.h</string>
				<key>fileEncoding</key>
				<string>30</string>
				<key>isa</key>
				<string>PBXFileReference</string>
				<key>name</key>
				<string>ofxDatGui.h</string>
				<key>path</key>
				<string>../../../../addons/ofxDatGui/src/ofxDatGui.h</string>
				<key>sourceTree</key>
				<string>SOURCE_ROOT</string>
			</dict>
			<key>D76338E76F135DAEA178448E</key>
			<dict>
				<key>fileRef</key>
				<string>9DF538C3EDD35794E38ACF74</string>
				<key>isa</key>
				<string>PBXBuildFile</string>
			</dict>
			<key>9DF538C3EDD35794E38ACF74</key>
			<dict>
				<key>explicitFileType</key>
				<string>sourcecode.cpp.cpp</string>
				<key>fileEncoding</key>
				<string>30</string>
				<key>isa</key>
				<string>PBXFileReference</string>
				<key>name</key>
				<string>ofxDatGui.cpp</string>
				<key>path</key>
				<string>../../../../addons/ofxDatGui/src/ofxDatGui.cpp</string>
				<key>sourceTree</key>
				<string>SOURCE_ROOT</string>
			</dict>
			<key>835C5883006254B095DFB170</key>
			<dict>
				<key>explicitFileType</key>
				<string>sourcecode.c.h</string>
				<key>fileEncoding</key>
				<string>30</string>
				<key>isa</key>
				<string>PBXFileReference</string>
				<key>name</key>
				<string>ofxSmartFont.h</string>
				<key>path</key>
				<string>../../../../addons/ofxDatGui/src/libs/ofxSmartFont/ofxSmartFont.h</string>
				<key>sourceTree</key>
				<string>SOURCE_ROOT</string>
			</dict>
			<key>0EF29D3ABD6E4147AE024D7A</key>
			<dict>
				<key>children</key>
				<array>
					<string>992CA6A0E41C3072E9E7952F</string>
					<string>835C5883006254B095DFB170</string>
				</array>
				<key>isa</key>
				<string>PBXGroup</string>
				<key>name</key>
				<string>ofxSmartFont</string>
				<key>sourceTree</key>
				<string>&lt;group&gt;</string>
			</dict>
			<key>69146F0BA46E48E576618E5E</key>
			<dict>
				<key>children</key>
				<array>
					<string>0EF29D3ABD6E4147AE024D7A</string>
				</array>
				<key>isa</key>
				<string>PBXGroup</string>
				<key>name</key>
				<string>libs</string>
				<key>sourceTree</key>
				<string>&lt;group&gt;</string>
			</dict>
			<key>C925D4ED37A4E21996B23783</key>
			<dict>
				<key>fileRef</key>
				<string>992CA6A0E41C3072E9E7952F</string>
				<key>isa</key>
				<string>PBXBuildFile</string>
			</dict>
			<key>992CA6A0E41C3072E9E7952F</key>
			<dict>
				<key>explicitFileType</key>
				<string>sourcecode.cpp.cpp</string>
				<key>fileEncoding</key>
				<string>30</string>
				<key>isa</key>
				<string>PBXFileReference</string>
				<key>name</key>
				<string>ofxSmartFont.cpp</string>
				<key>path</key>
				<string>../../../../addons/ofxDatGui/src/libs/ofxSmartFont/ofxSmartFont.cpp</string>
				<key>sourceTree</key>
				<string>SOURCE_ROOT</string>
			</dict>
			<key>91C1DC102245A7BDE05C2464</key>
			<dict>
				<key>explicitFileType</key>
				<string>sourcecode.c.h</string>
				<key>fileEncoding</key>
				<string>30</string>
				<key>isa</key>
				<string>PBXFileReference</string>
				<key>name</key>
				<string>ofxDatGuiIntObject.h</string>
				<key>path</key>
				<string>../../../../addons/ofxDatGui/src/core/ofxDatGuiIntObject.h</string>
				<key>sourceTree</key>
				<string>SOURCE_ROOT</string>
			</dict>
			<key>987AEE748088B51C457ABAE3</key>
			<dict>
				<key>explicitFileType</key>
				<string>sourcecode.c.h</string>
				<key>fileEncoding</key>
				<string>30</string>
				<key>isa</key>
				<string>PBXFileReference</string>
				<key>name</key>
				<string>ofxDatGuiEvents.h</string>
				<key>path</key>
				<string>../../../../addons/ofxDatGui/src/core/ofxDatGuiEvents.h</string>
				<key>sourceTree</key>
				<string>SOURCE_ROOT</string>
			</dict>
			<key>DDE2B214AFD47556FF41F4B9</key>
			<dict>
				<key>explicitFileType</key>
				<string>sourcecode.c.h</string>
				<key>fileEncoding</key>
				<string>30</string>
				<key>isa</key>
				<string>PBXFileReference</string>
				<key>name</key>
				<string>ofxDatGuiConstants.h</string>
				<key>path</key>
				<string>../../../../addons/ofxDatGui/src/core/ofxDatGuiConstants.h</string>
				<key>sourceTree</key>
				<string>SOURCE_ROOT</string>
			</dict>
			<key>9C38B7D102BCEF2BD994D794</key>
			<dict>
				<key>explicitFileType</key>
				<string>sourcecode.c.h</string>
				<key>fileEncoding</key>
				<string>30</string>
				<key>isa</key>
				<string>PBXFileReference</string>
				<key>name</key>
				<string>ofxDatGuiComponent.h</string>
				<key>path</key>
				<string>../../../../addons/ofxDatGui/src/core/ofxDatGuiComponent.h</string>
				<key>sourceTree</key>
				<string>SOURCE_ROOT</string>
			</dict>
			<key>8870759BC9CAEA1E4E9EA3A8</key>
			<dict>
				<key>children</key>
				<array>
					<string>7977BFA2D04619BDE038249B</string>
					<string>9C38B7D102BCEF2BD994D794</string>
					<string>DDE2B214AFD47556FF41F4B9</string>
					<string>987AEE748088B51C457ABAE3</string>
					<string>91C1DC102245A7BDE05C2464</string>
				</array>
				<key>isa</key>
				<string>PBXGroup</string>
				<key>name</key>
				<string>core</string>
				<key>sourceTree</key>
				<string>&lt;group&gt;</string>
			</dict>
			<key>3A5B477DCD1A8C65D435E994</key>
			<dict>
				<key>fileRef</key>
				<string>7977BFA2D04619BDE038249B</string>
				<key>isa</key>
				<string>PBXBuildFile</string>
			</dict>
			<key>7977BFA2D04619BDE038249B</key>
			<dict>
				<key>explicitFileType</key>
				<string>sourcecode.cpp.cpp</string>
				<key>fileEncoding</key>
				<string>30</string>
				<key>isa</key>
				<string>PBXFileReference</string>
				<key>name</key>
				<string>ofxDatGuiComponent.cpp</string>
				<key>path</key>
				<string>../../../../addons/ofxDatGui/src/core/ofxDatGuiComponent.cpp</string>
				<key>sourceTree</key>
				<string>SOURCE_ROOT</string>
			</dict>
			<key>CA53D181EF5B4B9FA5BCD6B0</key>
			<dict>
				<key>explicitFileType</key>
				<string>sourcecode.c.h</string>
				<key>fileEncoding</key>
				<string>30</string>
				<key>isa</key>
				<string>PBXFileReference</string>
				<key>name</key>
				<string>ofxDatGuiTimeGraph.h</string>
				<key>path</key>
				<string>../../../../addons/ofxDatGui/src/components/ofxDatGuiTimeGraph.h</string>
				<key>sourceTree</key>
				<string>SOURCE_ROOT</string>
			</dict>
			<key>2A2508E34E6E24788D657EC1</key>
			<dict>
				<key>explicitFileType</key>
				<string>sourcecode.c.h</string>
				<key>fileEncoding</key>
				<string>30</string>
				<key>isa</key>
				<string>PBXFileReference</string>
				<key>name</key>
				<string>ofxDatGuiTextInputField.h</string>
				<key>path</key>
				<string>../../../../addons/ofxDatGui/src/components/ofxDatGuiTextInputField.h</string>
				<key>sourceTree</key>
				<string>SOURCE_ROOT</string>
			</dict>
			<key>9431273D08021ED0AD414E60</key>
			<dict>
				<key>explicitFileType</key>
				<string>sourcecode.c.h</string>
				<key>fileEncoding</key>
				<string>30</string>
				<key>isa</key>
				<string>PBXFileReference</string>
				<key>name</key>
				<string>ofxDatGuiTextInput.h</string>
				<key>path</key>
				<string>../../../../addons/ofxDatGui/src/components/ofxDatGuiTextInput.h</string>
				<key>sourceTree</key>
				<string>SOURCE_ROOT</string>
			</dict>
			<key>72B21B926C0491151D21C460</key>
			<dict>
				<key>explicitFileType</key>
				<string>sourcecode.c.h</string>
				<key>fileEncoding</key>
				<string>30</string>
				<key>isa</key>
				<string>PBXFileReference</string>
				<key>name</key>
				<string>ofxDatGuiSlider.h</string>
				<key>path</key>
				<string>../../../../addons/ofxDatGui/src/components/ofxDatGuiSlider.h</string>
				<key>sourceTree</key>
				<string>SOURCE_ROOT</string>
			</dict>
			<key>26DD93A893C0E02432411E1D</key>
			<dict>
				<key>explicitFileType</key>
				<string>sourcecode.c.h</string>
				<key>fileEncoding</key>
				<string>30</string>
				<key>isa</key>
				<string>PBXFileReference</string>
				<key>name</key>
				<string>ofxDatGuiScrollView.h</string>
				<key>path</key>
				<string>../../../../addons/ofxDatGui/src/components/ofxDatGuiScrollView.h</string>
				<key>sourceTree</key>
				<string>SOURCE_ROOT</string>
			</dict>
			<key>8096418B4B00C47593E11460</key>
			<dict>
				<key>explicitFileType</key>
				<string>sourcecode.c.h</string>
				<key>fileEncoding</key>
				<string>30</string>
				<key>isa</key>
				<string>PBXFileReference</string>
				<key>name</key>
				<string>ofxDatGuiMatrix.h</string>
				<key>path</key>
				<string>../../../../addons/ofxDatGui/src/components/ofxDatGuiMatrix.h</string>
				<key>sourceTree</key>
				<string>SOURCE_ROOT</string>
			</dict>
			<key>453D34B0B6EEBC4528AE5B75</key>
			<dict>
				<key>explicitFileType</key>
				<string>sourcecode.c.h</string>
				<key>fileEncoding</key>
				<string>30</string>
				<key>isa</key>
				<string>PBXFileReference</string>
				<key>name</key>
				<string>ofxDatGuiLabel.h</string>
				<key>path</key>
				<string>../../../../addons/ofxDatGui/src/components/ofxDatGuiLabel.h</string>
				<key>sourceTree</key>
				<string>SOURCE_ROOT</string>
			</dict>
			<key>6686FE30BD04DEE9431C5883</key>
			<dict>
				<key>explicitFileType</key>
				<string>sourcecode.c.h</string>
				<key>fileEncoding</key>
				<string>30</string>
				<key>isa</key>
				<string>PBXFileReference</string>
				<key>name</key>
				<string>ofxDatGuiGroups.h</string>
				<key>path</key>
				<string>../../../../addons/ofxDatGui/src/components/ofxDatGuiGroups.h</string>
				<key>sourceTree</key>
				<string>SOURCE_ROOT</string>
			</dict>
			<key>E7B0F5D92AD0C051200237B9</key>
			<dict>
				<key>explicitFileType</key>
				<string>sourcecode.c.h</string>
				<key>fileEncoding</key>
				<string>30</string>
				<key>isa</key>
				<string>PBXFileReference</string>
				<key>name</key>
				<string>ofxDatGuiFRM.h</string>
				<key>path</key>
				<string>../../../../addons/ofxDatGui/src/components/ofxDatGuiFRM.h</string>
				<key>sourceTree</key>
				<string>SOURCE_ROOT</string>
			</dict>
			<key>214C6F6E5F1CB27A6EA37098</key>
			<dict>
				<key>explicitFileType</key>
				<string>sourcecode.c.h</string>
				<key>fileEncoding</key>
				<string>30</string>
				<key>isa</key>
				<string>PBXFileReference</string>
				<key>name</key>
				<string>ofxDatGuiControls.h</string>
				<key>path</key>
				<string>../../../../addons/ofxDatGui/src/components/ofxDatGuiControls.h</string>
				<key>sourceTree</key>
				<string>SOURCE_ROOT</string>
			</dict>
			<key>3C0BF18B376CFFC383AC6854</key>
			<dict>
				<key>explicitFileType</key>
				<string>sourcecode.c.h</string>
				<key>fileEncoding</key>
				<string>30</string>
				<key>isa</key>
				<string>PBXFileReference</string>
				<key>name</key>
				<string>ofxDatGuiColorPicker.h</string>
				<key>path</key>
				<string>../../../../addons/ofxDatGui/src/components/ofxDatGuiColorPicker.h</string>
				<key>sourceTree</key>
				<string>SOURCE_ROOT</string>
			</dict>
			<key>12C4CE5660C937BE065F9D56</key>
			<dict>
				<key>explicitFileType</key>
				<string>sourcecode.c.h</string>
				<key>fileEncoding</key>
				<string>30</string>
				<key>isa</key>
				<string>PBXFileReference</string>
				<key>name</key>
				<string>ofxDatGuiButton.h</string>
				<key>path</key>
				<string>../../../../addons/ofxDatGui/src/components/ofxDatGuiButton.h</string>
				<key>sourceTree</key>
				<string>SOURCE_ROOT</string>
			</dict>
			<key>947FCD1248D8B0A16B53C1AA</key>
			<dict>
				<key>children</key>
				<array>
					<string>024C4898471D7DAD757012D5</string>
					<string>12C4CE5660C937BE065F9D56</string>
					<string>3C0BF18B376CFFC383AC6854</string>
					<string>214C6F6E5F1CB27A6EA37098</string>
					<string>E7B0F5D92AD0C051200237B9</string>
					<string>6686FE30BD04DEE9431C5883</string>
					<string>453D34B0B6EEBC4528AE5B75</string>
					<string>8096418B4B00C47593E11460</string>
					<string>26DD93A893C0E02432411E1D</string>
					<string>72B21B926C0491151D21C460</string>
					<string>9431273D08021ED0AD414E60</string>
					<string>2A2508E34E6E24788D657EC1</string>
					<string>CA53D181EF5B4B9FA5BCD6B0</string>
				</array>
				<key>isa</key>
				<string>PBXGroup</string>
				<key>name</key>
				<string>components</string>
				<key>sourceTree</key>
				<string>&lt;group&gt;</string>
			</dict>
			<key>E9B32C117486580389FAFF01</key>
			<dict>
				<key>children</key>
				<array>
					<string>947FCD1248D8B0A16B53C1AA</string>
					<string>8870759BC9CAEA1E4E9EA3A8</string>
					<string>69146F0BA46E48E576618E5E</string>
					<string>9DF538C3EDD35794E38ACF74</string>
					<string>570BF763CB5C52B13B6348A3</string>
					<string>911FE1C75E520EE70A7B4830</string>
				</array>
				<key>isa</key>
				<string>PBXGroup</string>
				<key>name</key>
				<string>src</string>
				<key>sourceTree</key>
				<string>&lt;group&gt;</string>
			</dict>
			<key>D8DD1043C333F6F63C8685E6</key>
			<dict>
				<key>children</key>
				<array>
					<string>E9B32C117486580389FAFF01</string>
				</array>
				<key>isa</key>
				<string>PBXGroup</string>
				<key>name</key>
				<string>ofxDatGui</string>
				<key>sourceTree</key>
				<string>&lt;group&gt;</string>
			</dict>
			<key>024C4898471D7DAD757012D5</key>
			<dict>
				<key>explicitFileType</key>
				<string>sourcecode.c.h</string>
				<key>fileEncoding</key>
				<string>30</string>
				<key>isa</key>
				<string>PBXFileReference</string>
				<key>name</key>
				<string>ofxDatGui2dPad.h</string>
				<key>path</key>
				<string>../../../../addons/ofxDatGui/src/components/ofxDatGui2dPad.h</string>
				<key>sourceTree</key>
				<string>SOURCE_ROOT</string>
			</dict>
			<key>A674C42AC77155EEE093B0A2</key>
			<dict>
				<key>explicitFileType</key>
				<string>sourcecode.c.h</string>
				<key>fileEncoding</key>
				<string>30</string>
				<key>isa</key>
				<string>PBXFileReference</string>
				<key>name</key>
				<string>screenOutput.hpp</string>
				<key>path</key>
				<string>../../../../addons/ofxDarkKnight/libs/modules/screenOutput.hpp</string>
				<key>sourceTree</key>
				<string>SOURCE_ROOT</string>
			</dict>
			<key>4F0CC93C6AFD2A520B3AB79B</key>
			<dict>
				<key>fileRef</key>
				<string>92676A0414CC23395587277F</string>
				<key>isa</key>
				<string>PBXBuildFile</string>
			</dict>
			<key>92676A0414CC23395587277F</key>
			<dict>
				<key>explicitFileType</key>
				<string>sourcecode.cpp.cpp</string>
				<key>fileEncoding</key>
				<string>30</string>
				<key>isa</key>
				<string>PBXFileReference</string>
				<key>name</key>
				<string>screenOutput.cpp</string>
				<key>path</key>
				<string>../../../../addons/ofxDarkKnight/libs/modules/screenOutput.cpp</string>
				<key>sourceTree</key>
				<string>SOURCE_ROOT</string>
			</dict>
			<key>3A169CD79215E78D8C1D3F6F</key>
			<dict>
				<key>explicitFileType</key>
				<string>sourcecode.c.h</string>
				<key>fileEncoding</key>
				<string>30</string>
				<key>isa</key>
				<string>PBXFileReference</string>
				<key>name</key>
				<string>preview.hpp</string>
				<key>path</key>
				<string>../../../../addons/ofxDarkKnight/libs/modules/preview.hpp</string>
				<key>sourceTree</key>
				<string>SOURCE_ROOT</string>
			</dict>
			<key>981F8D1729FDF1438B82D7B0</key>
			<dict>
				<key>children</key>
				<array>
					<string>EFB23867D4F390851DA19D90</string>
					<string>3A169CD79215E78D8C1D3F6F</string>
					<string>92676A0414CC23395587277F</string>
					<string>A674C42AC77155EEE093B0A2</string>
				</array>
				<key>isa</key>
				<string>PBXGroup</string>
				<key>name</key>
				<string>modules</string>
				<key>sourceTree</key>
				<string>&lt;group&gt;</string>
			</dict>
			<key>EAF400088813B32B17BE975B</key>
			<dict>
				<key>fileRef</key>
				<string>EFB23867D4F390851DA19D90</string>
				<key>isa</key>
				<string>PBXBuildFile</string>
			</dict>
			<key>EFB23867D4F390851DA19D90</key>
			<dict>
				<key>explicitFileType</key>
				<string>sourcecode.cpp.cpp</string>
				<key>fileEncoding</key>
				<string>30</string>
				<key>isa</key>
				<string>PBXFileReference</string>
				<key>name</key>
				<string>preview.cpp</string>
				<key>path</key>
				<string>../../../../addons/ofxDarkKnight/libs/modules/preview.cpp</string>
				<key>sourceTree</key>
				<string>SOURCE_ROOT</string>
			</dict>
			<key>9D12C7333DDC2422F9128B70</key>
			<dict>
				<key>explicitFileType</key>
				<string>sourcecode.c.h</string>
				<key>fileEncoding</key>
				<string>30</string>
				<key>isa</key>
				<string>PBXFileReference</string>
				<key>name</key>
				<string>terrain.hpp</string>
				<key>path</key>
				<string>../../../../addons/ofxDarkKnight/libs/graphics/terrain.hpp</string>
				<key>sourceTree</key>
				<string>SOURCE_ROOT</string>
			</dict>
			<key>DB1A8AADE1A8F5F0402F4660</key>
			<dict>
				<key>fileRef</key>
				<string>1056FA5248C9527727B26656</string>
				<key>isa</key>
				<string>PBXBuildFile</string>
			</dict>
			<key>1056FA5248C9527727B26656</key>
			<dict>
				<key>explicitFileType</key>
				<string>sourcecode.cpp.cpp</string>
				<key>fileEncoding</key>
				<string>30</string>
				<key>isa</key>
				<string>PBXFileReference</string>
				<key>name</key>
				<string>terrain.cpp</string>
				<key>path</key>
				<string>../../../../addons/ofxDarkKnight/libs/graphics/terrain.cpp</string>
				<key>sourceTree</key>
				<string>SOURCE_ROOT</string>
			</dict>
			<key>53941A27FC7493E9CE31EAA6</key>
			<dict>
				<key>explicitFileType</key>
				<string>sourcecode.c.h</string>
				<key>fileEncoding</key>
				<string>30</string>
				<key>isa</key>
				<string>PBXFileReference</string>
				<key>name</key>
				<string>constellation.h</string>
				<key>path</key>
				<string>../../../../addons/ofxDarkKnight/libs/graphics/constellation.h</string>
				<key>sourceTree</key>
				<string>SOURCE_ROOT</string>
			</dict>
			<key>47A657DEAB741DB27CF97C0C</key>
			<dict>
				<key>children</key>
				<array>
					<string>96B87D145339D8812AF686A8</string>
					<string>53941A27FC7493E9CE31EAA6</string>
					<string>1056FA5248C9527727B26656</string>
					<string>9D12C7333DDC2422F9128B70</string>
				</array>
				<key>isa</key>
				<string>PBXGroup</string>
				<key>name</key>
				<string>graphics</string>
				<key>sourceTree</key>
				<string>&lt;group&gt;</string>
			</dict>
			<key>AE3CCF45A9AD9E9151C5AE35</key>
			<dict>
				<key>fileRef</key>
				<string>96B87D145339D8812AF686A8</string>
				<key>isa</key>
				<string>PBXBuildFile</string>
			</dict>
			<key>96B87D145339D8812AF686A8</key>
			<dict>
				<key>explicitFileType</key>
				<string>sourcecode.cpp.cpp</string>
				<key>fileEncoding</key>
				<string>30</string>
				<key>isa</key>
				<string>PBXFileReference</string>
				<key>name</key>
				<string>constellation.cpp</string>
				<key>path</key>
				<string>../../../../addons/ofxDarkKnight/libs/graphics/constellation.cpp</string>
				<key>sourceTree</key>
				<string>SOURCE_ROOT</string>
			</dict>
			<key>5B91FA9C0FEAF1D17DB8AED0</key>
			<dict>
				<key>children</key>
				<array>
					<string>40675FE8A7502EF9D047484A</string>
				</array>
				<key>isa</key>
				<string>PBXGroup</string>
				<key>name</key>
				<string>collections</string>
				<key>sourceTree</key>
				<string>&lt;group&gt;</string>
			</dict>
			<key>FFDA6957EEFE4B65BBBAB0A5</key>
			<dict>
				<key>children</key>
				<array>
					<string>5B91FA9C0FEAF1D17DB8AED0</string>
					<string>47A657DEAB741DB27CF97C0C</string>
					<string>981F8D1729FDF1438B82D7B0</string>
				</array>
				<key>isa</key>
				<string>PBXGroup</string>
				<key>name</key>
				<string>libs</string>
				<key>sourceTree</key>
				<string>&lt;group&gt;</string>
			</dict>
			<key>40675FE8A7502EF9D047484A</key>
			<dict>
				<key>explicitFileType</key>
				<string>sourcecode.c.h</string>
				<key>fileEncoding</key>
				<string>30</string>
				<key>isa</key>
				<string>PBXFileReference</string>
				<key>name</key>
				<string>basic.hpp</string>
				<key>path</key>
				<string>../../../../addons/ofxDarkKnight/libs/collections/basic.hpp</string>
				<key>sourceTree</key>
				<string>SOURCE_ROOT</string>
			</dict>
			<key>C8C8DA8603CF7AEF6FACFA39</key>
			<dict>
				<key>explicitFileType</key>
				<string>sourcecode.c.h</string>
				<key>fileEncoding</key>
				<string>30</string>
				<key>isa</key>
				<string>PBXFileReference</string>
				<key>name</key>
				<string>wireConnection.hpp</string>
				<key>path</key>
				<string>../../../../addons/ofxDarkKnight/src/wireConnection.hpp</string>
				<key>sourceTree</key>
				<string>SOURCE_ROOT</string>
			</dict>
			<key>B7071B64E773683D41EDF8C1</key>
			<dict>
				<key>fileRef</key>
				<string>EB5C9FEB71D7B357F17417CB</string>
				<key>isa</key>
				<string>PBXBuildFile</string>
			</dict>
			<key>EB5C9FEB71D7B357F17417CB</key>
			<dict>
				<key>explicitFileType</key>
				<string>sourcecode.cpp.cpp</string>
				<key>fileEncoding</key>
				<string>30</string>
				<key>isa</key>
				<string>PBXFileReference</string>
				<key>name</key>
				<string>wireConnection.cpp</string>
				<key>path</key>
				<string>../../../../addons/ofxDarkKnight/src/wireConnection.cpp</string>
				<key>sourceTree</key>
				<string>SOURCE_ROOT</string>
			</dict>
			<key>4306049F560401D4E07DDC70</key>
			<dict>
				<key>explicitFileType</key>
				<string>sourcecode.c.h</string>
				<key>fileEncoding</key>
				<string>30</string>
				<key>isa</key>
				<string>PBXFileReference</string>
				<key>name</key>
				<string>wire.hpp</string>
				<key>path</key>
				<string>../../../../addons/ofxDarkKnight/src/wire.hpp</string>
				<key>sourceTree</key>
				<string>SOURCE_ROOT</string>
			</dict>
			<key>D66C549BEB2FA4ADD4B0B6B5</key>
			<dict>
				<key>fileRef</key>
				<string>3B01F8D6860B147C76B6E759</string>
				<key>isa</key>
				<string>PBXBuildFile</string>
			</dict>
			<key>3B01F8D6860B147C76B6E759</key>
			<dict>
				<key>explicitFileType</key>
				<string>sourcecode.cpp.cpp</string>
				<key>fileEncoding</key>
				<string>30</string>
				<key>isa</key>
				<string>PBXFileReference</string>
				<key>name</key>
				<string>wire.cpp</string>
				<key>path</key>
				<string>../../../../addons/ofxDarkKnight/src/wire.cpp</string>
				<key>sourceTree</key>
				<string>SOURCE_ROOT</string>
			</dict>
			<key>0D92E7999F6FAD37FDADA2F3</key>
			<dict>
				<key>explicitFileType</key>
				<string>sourcecode.c.h</string>
				<key>fileEncoding</key>
				<string>30</string>
				<key>isa</key>
				<string>PBXFileReference</string>
				<key>name</key>
				<string>ofxDarkKnight.hpp</string>
				<key>path</key>
				<string>../../../../addons/ofxDarkKnight/src/ofxDarkKnight.hpp</string>
				<key>sourceTree</key>
				<string>SOURCE_ROOT</string>
			</dict>
			<key>EB5A81D1F3467DD22E3260B6</key>
			<dict>
				<key>fileRef</key>
				<string>6A943485AB53989367781EEC</string>
				<key>isa</key>
				<string>PBXBuildFile</string>
			</dict>
			<key>6A943485AB53989367781EEC</key>
			<dict>
				<key>explicitFileType</key>
				<string>sourcecode.cpp.cpp</string>
				<key>fileEncoding</key>
				<string>30</string>
				<key>isa</key>
				<string>PBXFileReference</string>
				<key>name</key>
				<string>ofxDarkKnight.cpp</string>
				<key>path</key>
				<string>../../../../addons/ofxDarkKnight/src/ofxDarkKnight.cpp</string>
				<key>sourceTree</key>
				<string>SOURCE_ROOT</string>
			</dict>
			<key>4431ACB6CAD229DA7F75116C</key>
			<dict>
				<key>explicitFileType</key>
				<string>sourcecode.c.h</string>
				<key>fileEncoding</key>
				<string>30</string>
				<key>isa</key>
				<string>PBXFileReference</string>
				<key>name</key>
				<string>module.hpp</string>
				<key>path</key>
				<string>../../../../addons/ofxDarkKnight/src/module.hpp</string>
				<key>sourceTree</key>
				<string>SOURCE_ROOT</string>
			</dict>
			<key>9876456FEC938883ED32A4BB</key>
			<dict>
				<key>fileRef</key>
				<string>9BF353D174304068F3A2D144</string>
				<key>isa</key>
				<string>PBXBuildFile</string>
			</dict>
			<key>9BF353D174304068F3A2D144</key>
			<dict>
				<key>explicitFileType</key>
				<string>sourcecode.cpp.cpp</string>
				<key>fileEncoding</key>
				<string>30</string>
				<key>isa</key>
				<string>PBXFileReference</string>
				<key>name</key>
				<string>module.cpp</string>
				<key>path</key>
				<string>../../../../addons/ofxDarkKnight/src/module.cpp</string>
				<key>sourceTree</key>
				<string>SOURCE_ROOT</string>
			</dict>
			<key>1FCD564EB6C5FD5D4C3BDB59</key>
			<dict>
				<key>explicitFileType</key>
				<string>sourcecode.c.h</string>
				<key>fileEncoding</key>
				<string>30</string>
				<key>isa</key>
				<string>PBXFileReference</string>
				<key>name</key>
				<string>mediaPool.hpp</string>
				<key>path</key>
				<string>../../../../addons/ofxDarkKnight/src/mediaPool.hpp</string>
				<key>sourceTree</key>
				<string>SOURCE_ROOT</string>
			</dict>
			<key>DF09620C98E9F387D18BD32F</key>
			<dict>
				<key>children</key>
				<array>
					<string>37F9A7637D6F3FCFAB7FD69D</string>
					<string>1FCD564EB6C5FD5D4C3BDB59</string>
					<string>9BF353D174304068F3A2D144</string>
					<string>4431ACB6CAD229DA7F75116C</string>
					<string>6A943485AB53989367781EEC</string>
					<string>0D92E7999F6FAD37FDADA2F3</string>
					<string>3B01F8D6860B147C76B6E759</string>
					<string>4306049F560401D4E07DDC70</string>
					<string>EB5C9FEB71D7B357F17417CB</string>
					<string>C8C8DA8603CF7AEF6FACFA39</string>
				</array>
				<key>isa</key>
				<string>PBXGroup</string>
				<key>name</key>
				<string>src</string>
				<key>sourceTree</key>
				<string>&lt;group&gt;</string>
			</dict>
			<key>D0F400649B1FA5CEB6E77D82</key>
			<dict>
				<key>children</key>
				<array>
					<string>DF09620C98E9F387D18BD32F</string>
					<string>FFDA6957EEFE4B65BBBAB0A5</string>
				</array>
				<key>isa</key>
				<string>PBXGroup</string>
				<key>name</key>
				<string>ofxDarkKnight</string>
				<key>sourceTree</key>
				<string>&lt;group&gt;</string>
			</dict>
			<key>F4A6AFFD8B027B81E83F365B</key>
			<dict>
				<key>fileRef</key>
				<string>37F9A7637D6F3FCFAB7FD69D</string>
				<key>isa</key>
				<string>PBXBuildFile</string>
			</dict>
			<key>37F9A7637D6F3FCFAB7FD69D</key>
			<dict>
				<key>explicitFileType</key>
				<string>sourcecode.cpp.cpp</string>
				<key>fileEncoding</key>
				<string>30</string>
				<key>isa</key>
				<string>PBXFileReference</string>
				<key>name</key>
				<string>mediaPool.cpp</string>
				<key>path</key>
				<string>../../../../addons/ofxDarkKnight/src/mediaPool.cpp</string>
				<key>sourceTree</key>
				<string>SOURCE_ROOT</string>
			</dict>
			<key>6948EE371B920CB800B5AC1A</key>
			<dict>
				<key>children</key>
				<array />
				<key>isa</key>
				<string>PBXGroup</string>
				<key>name</key>
				<string>local_addons</string>
				<key>sourceTree</key>
				<string>&lt;group&gt;</string>
			</dict>
			<key>BB4B014C10F69532006C3DED</key>
			<dict>
				<key>children</key>
				<array>
					<string>D0F400649B1FA5CEB6E77D82</string>
					<string>D8DD1043C333F6F63C8685E6</string>
					<string>F5F1F1EF8441E64FD46F07C8</string>
					<string>916B8DF9E7519F5BB8A2990B</string>
				</array>
				<key>isa</key>
				<string>PBXGroup</string>
				<key>name</key>
				<string>addons</string>
				<key>sourceTree</key>
				<string>&lt;group&gt;</string>
			</dict>
			<key>E4328143138ABC890047C5CB</key>
			<dict>
				<key>isa</key>
				<string>PBXFileReference</string>
				<key>lastKnownFileType</key>
				<string>wrapper.pb-project</string>
				<key>name</key>
				<string>openFrameworksLib.xcodeproj</string>
				<key>path</key>
				<string>../../../../libs/openFrameworksCompiled/project/osx/openFrameworksLib.xcodeproj</string>
				<key>sourceTree</key>
				<string>SOURCE_ROOT</string>
			</dict>
			<key>E4328144138ABC890047C5CB</key>
			<dict>
				<key>children</key>
				<array>
					<string>E4328148138ABC890047C5CB</string>
				</array>
				<key>isa</key>
				<string>PBXGroup</string>
				<key>name</key>
				<string>Products</string>
				<key>sourceTree</key>
				<string>&lt;group&gt;</string>
			</dict>
			<key>E4328147138ABC890047C5CB</key>
			<dict>
				<key>containerPortal</key>
				<string>E4328143138ABC890047C5CB</string>
				<key>isa</key>
				<string>PBXContainerItemProxy</string>
				<key>proxyType</key>
				<string>2</string>
				<key>remoteGlobalIDString</key>
				<string>E4B27C1510CBEB8E00536013</string>
				<key>remoteInfo</key>
				<string>openFrameworks</string>
			</dict>
			<key>E4328148138ABC890047C5CB</key>
			<dict>
				<key>fileType</key>
				<string>archive.ar</string>
				<key>isa</key>
				<string>PBXReferenceProxy</string>
				<key>path</key>
				<string>openFrameworksDebug.a</string>
				<key>remoteRef</key>
				<string>E4328147138ABC890047C5CB</string>
				<key>sourceTree</key>
				<string>BUILT_PRODUCTS_DIR</string>
			</dict>
			<key>E4328149138ABC9F0047C5CB</key>
			<dict>
				<key>fileRef</key>
				<string>E4328148138ABC890047C5CB</string>
				<key>isa</key>
				<string>PBXBuildFile</string>
			</dict>
			<key>E4B69B4A0A3A1720003C02F2</key>
			<dict>
				<key>children</key>
				<array>
					<string>E4B6FCAD0C3E899E008CF71C</string>
					<string>E4EB6923138AFD0F00A09F29</string>
					<string>E4B69E1C0A3A1BDC003C02F2</string>
					<string>E4EEC9E9138DF44700A80321</string>
					<string>BB4B014C10F69532006C3DED</string>
					<string>6948EE371B920CB800B5AC1A</string>
					<string>E4B69B5B0A3A1756003C02F2</string>
				</array>
				<key>isa</key>
				<string>PBXGroup</string>
				<key>sourceTree</key>
				<string>&lt;group&gt;</string>
			</dict>
			<key>E4B69B4C0A3A1720003C02F2</key>
			<dict>
				<key>attributes</key>
				<dict>
					<key>LastUpgradeCheck</key>
					<string>0600</string>
				</dict>
				<key>buildConfigurationList</key>
				<string>E4B69B4D0A3A1720003C02F2</string>
				<key>compatibilityVersion</key>
				<string>Xcode 3.2</string>
				<key>developmentRegion</key>
				<string>English</string>
				<key>hasScannedForEncodings</key>
				<string>0</string>
				<key>isa</key>
				<string>PBXProject</string>
				<key>knownRegions</key>
				<array>
					<string>English</string>
					<string>Japanese</string>
					<string>French</string>
					<string>German</string>
				</array>
				<key>mainGroup</key>
				<string>E4B69B4A0A3A1720003C02F2</string>
				<key>productRefGroup</key>
				<string>E4B69B4A0A3A1720003C02F2</string>
				<key>projectDirPath</key>
				<string />
				<key>projectReferences</key>
				<array>
					<dict>
						<key>ProductGroup</key>
						<string>E4328144138ABC890047C5CB</string>
						<key>ProjectRef</key>
						<string>E4328143138ABC890047C5CB</string>
					</dict>
				</array>
				<key>projectRoot</key>
				<string />
				<key>targets</key>
				<array>
					<string>E4B69B5A0A3A1756003C02F2</string>
				</array>
			</dict>
			<key>E4B69B4D0A3A1720003C02F2</key>
			<dict>
				<key>buildConfigurations</key>
				<array>
					<string>E4B69B4E0A3A1720003C02F2</string>
					<string>E4B69B4F0A3A1720003C02F2</string>
				</array>
				<key>defaultConfigurationIsVisible</key>
				<string>0</string>
				<key>defaultConfigurationName</key>
				<string>Release</string>
				<key>isa</key>
				<string>XCConfigurationList</string>
			</dict>
			<key>E4B69B4E0A3A1720003C02F2</key>
			<dict>
				<key>baseConfigurationReference</key>
				<string>E4EB6923138AFD0F00A09F29</string>
				<key>buildSettings</key>
				<dict>
					<key>HEADER_SEARCH_PATHS</key>
					<array>
						<string>$(OF_CORE_HEADERS)</string>
						<string>src</string>
						<string>../../../../addons/ofxDarkKnight/libs</string>
						<string>../../../../addons/ofxDarkKnight/libs/collections</string>
						<string>../../../../addons/ofxDarkKnight/libs/graphics</string>
						<string>../../../../addons/ofxDarkKnight/libs/modules</string>
						<string>../../../../addons/ofxDarkKnight/src</string>
						<string>../../../../addons/ofxDatGui/src</string>
						<string>../../../../addons/ofxDatGui/src/components</string>
						<string>../../../../addons/ofxDatGui/src/core</string>
						<string>../../../../addons/ofxDatGui/src/libs</string>
						<string>../../../../addons/ofxDatGui/src/libs/ofxSmartFont</string>
						<string>../../../../addons/ofxDatGui/src/themes</string>
						<string>../../../../addons/ofxSvg/libs</string>
						<string>../../../../addons/ofxSvg/libs/svgTiny</string>
						<string>../../../../addons/ofxSvg/libs/svgTiny/src</string>
						<string>../../../../addons/ofxSvg/src</string>
						<string>../../../../addons/ofxVectorGraphics/libs</string>
						<string>../../../../addons/ofxVectorGraphics/src</string>
					</array>
					<key>CONFIGURATION_BUILD_DIR</key>
					<string>$(SRCROOT)/bin/</string>
					<key>COPY_PHASE_STRIP</key>
					<string>NO</string>
					<key>DEAD_CODE_STRIPPING</key>
					<string>YES</string>
					<key>GCC_AUTO_VECTORIZATION</key>
					<string>YES</string>
					<key>GCC_ENABLE_SSE3_EXTENSIONS</key>
					<string>YES</string>
					<key>GCC_ENABLE_SUPPLEMENTAL_SSE3_INSTRUCTIONS</key>
					<string>YES</string>
					<key>GCC_INLINES_ARE_PRIVATE_EXTERN</key>
					<string>NO</string>
					<key>GCC_OPTIMIZATION_LEVEL</key>
					<string>0</string>
					<key>GCC_SYMBOLS_PRIVATE_EXTERN</key>
					<string>NO</string>
					<key>GCC_WARN_ABOUT_DEPRECATED_FUNCTIONS</key>
					<string>YES</string>
					<key>GCC_WARN_ABOUT_INVALID_OFFSETOF_MACRO</key>
					<string>NO</string>
					<key>GCC_WARN_ALLOW_INCOMPLETE_PROTOCOL</key>
					<string>NO</string>
					<key>GCC_WARN_UNINITIALIZED_AUTOS</key>
					<string>NO</string>
					<key>GCC_WARN_UNUSED_VALUE</key>
					<string>NO</string>
					<key>GCC_WARN_UNUSED_VARIABLE</key>
					<string>NO</string>
					<key>MACOSX_DEPLOYMENT_TARGET</key>
					<string>10.8</string>
					<key>ONLY_ACTIVE_ARCH</key>
					<string>YES</string>
					<key>OTHER_CPLUSPLUSFLAGS</key>
					<array>
						<string>-D__MACOSX_CORE__</string>
						<string>-mtune=native</string>
					</array>
					<key>SDKROOT</key>
					<string>macosx</string>
				</dict>
				<key>isa</key>
				<string>XCBuildConfiguration</string>
				<key>name</key>
				<string>Debug</string>
			</dict>
			<key>E4B69B4F0A3A1720003C02F2</key>
			<dict>
				<key>baseConfigurationReference</key>
				<string>E4EB6923138AFD0F00A09F29</string>
				<key>buildSettings</key>
				<dict>
					<key>HEADER_SEARCH_PATHS</key>
					<array>
						<string>$(OF_CORE_HEADERS)</string>
						<string>src</string>
						<string>../../../../addons/ofxDarkKnight/libs</string>
						<string>../../../../addons/ofxDarkKnight/libs/collections</string>
						<string>../../../../addons/ofxDarkKnight/libs/graphics</string>
						<string>../../../../addons/ofxDarkKnight/libs/modules</string>
						<string>../../../../addons/ofxDarkKnight/src</string>
						<string>../../../../addons/ofxDatGui/src</string>
						<string>../../../../addons/ofxDatGui/src/components</string>
						<string>../../../../addons/ofxDatGui/src/core</string>
						<string>../../../../addons/ofxDatGui/src/libs</string>
						<string>../../../../addons/ofxDatGui/src/libs/ofxSmartFont</string>
						<string>../../../../addons/ofxDatGui/src/themes</string>
						<string>../../../../addons/ofxSvg/libs</string>
						<string>../../../../addons/ofxSvg/libs/svgTiny</string>
						<string>../../../../addons/ofxSvg/libs/svgTiny/src</string>
						<string>../../../../addons/ofxSvg/src</string>
						<string>../../../../addons/ofxVectorGraphics/libs</string>
						<string>../../../../addons/ofxVectorGraphics/src</string>
					</array>
					<key>CONFIGURATION_BUILD_DIR</key>
					<string>$(SRCROOT)/bin/</string>
					<key>COPY_PHASE_STRIP</key>
					<string>YES</string>
					<key>DEAD_CODE_STRIPPING</key>
					<string>YES</string>
					<key>GCC_AUTO_VECTORIZATION</key>
					<string>YES</string>
					<key>GCC_ENABLE_SSE3_EXTENSIONS</key>
					<string>YES</string>
					<key>GCC_ENABLE_SUPPLEMENTAL_SSE3_INSTRUCTIONS</key>
					<string>YES</string>
					<key>GCC_INLINES_ARE_PRIVATE_EXTERN</key>
					<string>NO</string>
					<key>GCC_OPTIMIZATION_LEVEL</key>
					<string>3</string>
					<key>GCC_SYMBOLS_PRIVATE_EXTERN</key>
					<string>NO</string>
					<key>GCC_UNROLL_LOOPS</key>
					<string>YES</string>
					<key>GCC_WARN_ABOUT_DEPRECATED_FUNCTIONS</key>
					<string>YES</string>
					<key>GCC_WARN_ABOUT_INVALID_OFFSETOF_MACRO</key>
					<string>NO</string>
					<key>GCC_WARN_ALLOW_INCOMPLETE_PROTOCOL</key>
					<string>NO</string>
					<key>GCC_WARN_UNINITIALIZED_AUTOS</key>
					<string>NO</string>
					<key>GCC_WARN_UNUSED_VALUE</key>
					<string>NO</string>
					<key>GCC_WARN_UNUSED_VARIABLE</key>
					<string>NO</string>
					<key>MACOSX_DEPLOYMENT_TARGET</key>
					<string>10.8</string>
					<key>OTHER_CPLUSPLUSFLAGS</key>
					<array>
						<string>-D__MACOSX_CORE__</string>
						<string>-mtune=native</string>
					</array>
					<key>SDKROOT</key>
					<string>macosx</string>
				</dict>
				<key>isa</key>
				<string>XCBuildConfiguration</string>
				<key>name</key>
				<string>Release</string>
			</dict>
			<key>E4B69B580A3A1756003C02F2</key>
			<dict>
				<key>buildActionMask</key>
				<string>2147483647</string>
				<key>files</key>
				<array>
					<string>E4B69E200A3A1BDC003C02F2</string>
					<string>E4B69E210A3A1BDC003C02F2</string>
					<string>F4A6AFFD8B027B81E83F365B</string>
					<string>9876456FEC938883ED32A4BB</string>
					<string>EB5A81D1F3467DD22E3260B6</string>
					<string>D66C549BEB2FA4ADD4B0B6B5</string>
					<string>B7071B64E773683D41EDF8C1</string>
					<string>AE3CCF45A9AD9E9151C5AE35</string>
					<string>DB1A8AADE1A8F5F0402F4660</string>
					<string>EAF400088813B32B17BE975B</string>
					<string>4F0CC93C6AFD2A520B3AB79B</string>
					<string>3A5B477DCD1A8C65D435E994</string>
					<string>C925D4ED37A4E21996B23783</string>
					<string>D76338E76F135DAEA178448E</string>
					<string>23B3A204101C7B8730D52596</string>
					<string>53BB37401F944965FEA95262</string>
					<string>8D89CB145BA34628BB713750</string>
					<string>F920A2ED2471F9D7A33F9053</string>
					<string>D8A160EABD353CEB0BD7B589</string>
					<string>D5D4E8F680162BC6801314BC</string>
					<string>290821BD417A06544384FBB4</string>
				</array>
				<key>isa</key>
				<string>PBXSourcesBuildPhase</string>
				<key>runOnlyForDeploymentPostprocessing</key>
				<string>0</string>
			</dict>
			<key>E4B69B590A3A1756003C02F2</key>
			<dict>
				<key>buildActionMask</key>
				<string>2147483647</string>
				<key>files</key>
				<array>
					<string>E4328149138ABC9F0047C5CB</string>
				</array>
				<key>isa</key>
				<string>PBXFrameworksBuildPhase</string>
				<key>runOnlyForDeploymentPostprocessing</key>
				<string>0</string>
			</dict>
			<key>E4B69B5A0A3A1756003C02F2</key>
			<dict>
				<key>buildConfigurationList</key>
				<string>E4B69B5F0A3A1757003C02F2</string>
				<key>buildPhases</key>
				<array>
					<string>E4B69B580A3A1756003C02F2</string>
					<string>E4B69B590A3A1756003C02F2</string>
					<string>E4B6FFFD0C3F9AB9008CF71C</string>
					<string>E4C2427710CC5ABF004149E2</string>
				</array>
				<key>buildRules</key>
				<array />
				<key>dependencies</key>
				<array>
					<string>E4EEB9AC138B136A00A80321</string>
				</array>
				<key>isa</key>
				<string>PBXNativeTarget</string>
				<key>name</key>
				<string>Alfred</string>
				<key>productName</key>
				<string>myOFApp</string>
				<key>productReference</key>
				<string>E4B69B5B0A3A1756003C02F2</string>
				<key>productType</key>
				<string>com.apple.product-type.application</string>
			</dict>
			<key>E4B69B5B0A3A1756003C02F2</key>
			<dict>
				<key>explicitFileType</key>
				<string>wrapper.application</string>
				<key>includeInIndex</key>
				<string>0</string>
				<key>isa</key>
				<string>PBXFileReference</string>
				<key>path</key>
				<string>AlfredDebug.app</string>
				<key>sourceTree</key>
				<string>BUILT_PRODUCTS_DIR</string>
			</dict>
			<key>E4B69B5F0A3A1757003C02F2</key>
			<dict>
				<key>buildConfigurations</key>
				<array>
					<string>E4B69B600A3A1757003C02F2</string>
					<string>E4B69B610A3A1757003C02F2</string>
				</array>
				<key>defaultConfigurationIsVisible</key>
				<string>0</string>
				<key>defaultConfigurationName</key>
				<string>Release</string>
				<key>isa</key>
				<string>XCConfigurationList</string>
			</dict>
			<key>E4B69B600A3A1757003C02F2</key>
			<dict>
				<key>baseConfigurationReference</key>
				<string>E4EB6923138AFD0F00A09F29</string>
				<key>buildSettings</key>
				<dict>
					<key>HEADER_SEARCH_PATHS</key>
					<array>
						<string>$(OF_CORE_HEADERS)</string>
						<string>src</string>
						<string>../../../../addons/ofxDarkKnight/libs</string>
						<string>../../../../addons/ofxDarkKnight/libs/collections</string>
						<string>../../../../addons/ofxDarkKnight/libs/graphics</string>
						<string>../../../../addons/ofxDarkKnight/libs/modules</string>
						<string>../../../../addons/ofxDarkKnight/src</string>
						<string>../../../../addons/ofxDatGui/src</string>
						<string>../../../../addons/ofxDatGui/src/components</string>
						<string>../../../../addons/ofxDatGui/src/core</string>
						<string>../../../../addons/ofxDatGui/src/libs</string>
						<string>../../../../addons/ofxDatGui/src/libs/ofxSmartFont</string>
						<string>../../../../addons/ofxDatGui/src/themes</string>
						<string>../../../../addons/ofxSvg/libs</string>
						<string>../../../../addons/ofxSvg/libs/svgTiny</string>
						<string>../../../../addons/ofxSvg/libs/svgTiny/src</string>
						<string>../../../../addons/ofxSvg/src</string>
						<string>../../../../addons/ofxVectorGraphics/libs</string>
						<string>../../../../addons/ofxVectorGraphics/src</string>
					</array>
					<key>COMBINE_HIDPI_IMAGES</key>
					<string>YES</string>
					<key>COPY_PHASE_STRIP</key>
					<string>NO</string>
					<key>FRAMEWORK_SEARCH_PATHS</key>
					<array>
						<string>$(inherited)</string>
						<string>$(FRAMEWORK_SEARCH_PATHS_QUOTED_FOR_TARGET_1)</string>
					</array>
					<key>FRAMEWORK_SEARCH_PATHS_QUOTED_FOR_TARGET_1</key>
					<string>"$(SRCROOT)/../../../../libs/glut/lib/osx"</string>
					<key>GCC_DYNAMIC_NO_PIC</key>
					<string>NO</string>
					<key>GCC_GENERATE_DEBUGGING_SYMBOLS</key>
					<string>YES</string>
					<key>GCC_MODEL_TUNING</key>
					<string>NONE</string>
					<key>ICON</key>
					<string>$(ICON_NAME_DEBUG)</string>
					<key>ICON_FILE</key>
					<string>$(ICON_FILE_PATH)$(ICON)</string>
					<key>INFOPLIST_FILE</key>
					<string>openFrameworks-Info.plist</string>
					<key>INSTALL_PATH</key>
					<string>/Applications</string>
					<key>LIBRARY_SEARCH_PATHS</key>
					<string>$(inherited)</string>
					<key>PRODUCT_NAME</key>
					<string>$(TARGET_NAME)Debug</string>
					<key>WRAPPER_EXTENSION</key>
					<string>app</string>
				</dict>
				<key>isa</key>
				<string>XCBuildConfiguration</string>
				<key>name</key>
				<string>Debug</string>
			</dict>
			<key>E4B69B610A3A1757003C02F2</key>
			<dict>
				<key>baseConfigurationReference</key>
				<string>E4EB6923138AFD0F00A09F29</string>
				<key>buildSettings</key>
				<dict>
					<key>HEADER_SEARCH_PATHS</key>
					<array>
						<string>$(OF_CORE_HEADERS)</string>
						<string>src</string>
						<string>../../../../addons/ofxDarkKnight/libs</string>
						<string>../../../../addons/ofxDarkKnight/libs/collections</string>
						<string>../../../../addons/ofxDarkKnight/libs/graphics</string>
						<string>../../../../addons/ofxDarkKnight/libs/modules</string>
						<string>../../../../addons/ofxDarkKnight/src</string>
						<string>../../../../addons/ofxDatGui/src</string>
						<string>../../../../addons/ofxDatGui/src/components</string>
						<string>../../../../addons/ofxDatGui/src/core</string>
						<string>../../../../addons/ofxDatGui/src/libs</string>
						<string>../../../../addons/ofxDatGui/src/libs/ofxSmartFont</string>
						<string>../../../../addons/ofxDatGui/src/themes</string>
						<string>../../../../addons/ofxSvg/libs</string>
						<string>../../../../addons/ofxSvg/libs/svgTiny</string>
						<string>../../../../addons/ofxSvg/libs/svgTiny/src</string>
						<string>../../../../addons/ofxSvg/src</string>
						<string>../../../../addons/ofxVectorGraphics/libs</string>
						<string>../../../../addons/ofxVectorGraphics/src</string>
					</array>
					<key>COMBINE_HIDPI_IMAGES</key>
					<string>YES</string>
					<key>COPY_PHASE_STRIP</key>
					<string>YES</string>
					<key>FRAMEWORK_SEARCH_PATHS</key>
					<array>
						<string>$(inherited)</string>
						<string>$(FRAMEWORK_SEARCH_PATHS_QUOTED_FOR_TARGET_1)</string>
					</array>
					<key>FRAMEWORK_SEARCH_PATHS_QUOTED_FOR_TARGET_1</key>
					<string>"$(SRCROOT)/../../../../libs/glut/lib/osx"</string>
					<key>GCC_GENERATE_DEBUGGING_SYMBOLS</key>
					<string>YES</string>
					<key>GCC_MODEL_TUNING</key>
					<string>NONE</string>
					<key>ICON</key>
					<string>$(ICON_NAME_RELEASE)</string>
					<key>ICON_FILE</key>
					<string>$(ICON_FILE_PATH)$(ICON)</string>
					<key>INFOPLIST_FILE</key>
					<string>openFrameworks-Info.plist</string>
					<key>INSTALL_PATH</key>
					<string>/Applications</string>
					<key>LIBRARY_SEARCH_PATHS</key>
					<string>$(inherited)</string>
					<key>PRODUCT_NAME</key>
					<string>$(TARGET_NAME)</string>
					<key>WRAPPER_EXTENSION</key>
					<string>app</string>
					<key>baseConfigurationReference</key>
					<string>E4EB6923138AFD0F00A09F29</string>
				</dict>
				<key>isa</key>
				<string>XCBuildConfiguration</string>
				<key>name</key>
				<string>Release</string>
			</dict>
			<key>E4B69E1C0A3A1BDC003C02F2</key>
			<dict>
				<key>children</key>
				<array>
					<string>E4B69E1D0A3A1BDC003C02F2</string>
					<string>E4B69E1E0A3A1BDC003C02F2</string>
					<string>E4B69E1F0A3A1BDC003C02F2</string>
				</array>
				<key>isa</key>
				<string>PBXGroup</string>
				<key>path</key>
				<string>src</string>
				<key>sourceTree</key>
				<string>SOURCE_ROOT</string>
			</dict>
			<key>E4B69E1D0A3A1BDC003C02F2</key>
			<dict>
				<key>fileEncoding</key>
				<string>30</string>
				<key>isa</key>
				<string>PBXFileReference</string>
				<key>lastKnownFileType</key>
				<string>sourcecode.cpp.cpp</string>
				<key>name</key>
				<string>main.cpp</string>
				<key>path</key>
				<string>src/main.cpp</string>
				<key>sourceTree</key>
				<string>SOURCE_ROOT</string>
			</dict>
			<key>E4B69E1E0A3A1BDC003C02F2</key>
			<dict>
				<key>explicitFileType</key>
				<string>sourcecode.cpp.cpp</string>
				<key>fileEncoding</key>
				<string>30</string>
				<key>isa</key>
				<string>PBXFileReference</string>
				<key>name</key>
				<string>ofApp.cpp</string>
				<key>path</key>
				<string>src/ofApp.cpp</string>
				<key>sourceTree</key>
				<string>SOURCE_ROOT</string>
			</dict>
			<key>E4B69E1F0A3A1BDC003C02F2</key>
			<dict>
				<key>fileEncoding</key>
				<string>30</string>
				<key>isa</key>
				<string>PBXFileReference</string>
				<key>lastKnownFileType</key>
				<string>sourcecode.c.h</string>
				<key>name</key>
				<string>ofApp.h</string>
				<key>path</key>
				<string>src/ofApp.h</string>
				<key>sourceTree</key>
				<string>SOURCE_ROOT</string>
			</dict>
			<key>E4B69E200A3A1BDC003C02F2</key>
			<dict>
				<key>fileRef</key>
				<string>E4B69E1D0A3A1BDC003C02F2</string>
				<key>isa</key>
				<string>PBXBuildFile</string>
			</dict>
			<key>E4B69E210A3A1BDC003C02F2</key>
			<dict>
				<key>fileRef</key>
				<string>E4B69E1E0A3A1BDC003C02F2</string>
				<key>isa</key>
				<string>PBXBuildFile</string>
			</dict>
			<key>E4B6FCAD0C3E899E008CF71C</key>
			<dict>
				<key>fileEncoding</key>
				<string>30</string>
				<key>isa</key>
				<string>PBXFileReference</string>
				<key>lastKnownFileType</key>
				<string>text.plist.xml</string>
				<key>path</key>
				<string>openFrameworks-Info.plist</string>
				<key>sourceTree</key>
				<string>&lt;group&gt;</string>
			</dict>
			<key>E4B6FFFD0C3F9AB9008CF71C</key>
			<dict>
				<key>buildActionMask</key>
				<string>2147483647</string>
				<key>files</key>
				<array />
				<key>inputPaths</key>
				<array />
				<key>isa</key>
				<string>PBXShellScriptBuildPhase</string>
				<key>outputPaths</key>
				<array />
				<key>runOnlyForDeploymentPostprocessing</key>
				<string>0</string>
				<key>shellPath</key>
				<string>/bin/sh</string>
				<key>shellScript</key>
				<string>mkdir -p "$TARGET_BUILD_DIR/$PRODUCT_NAME.app/Contents/Resources/"
# Copy default icon file into App/Resources
rsync -aved "$ICON_FILE" "$TARGET_BUILD_DIR/$PRODUCT_NAME.app/Contents/Resources/"
# Copy libfmod and change install directory for fmod to run
rsync -aved ../../../../libs/fmodex/lib/osx/libfmodex.dylib "$TARGET_BUILD_DIR/$PRODUCT_NAME.app/Contents/Frameworks/";
install_name_tool -change @executable_path/libfmodex.dylib @executable_path/../Frameworks/libfmodex.dylib "$TARGET_BUILD_DIR/$PRODUCT_NAME.app/Contents/MacOS/$PRODUCT_NAME";
# Copy GLUT framework (must remove for AppStore submissions)
rsync -aved ../../../../libs/glut/lib/osx/GLUT.framework "$TARGET_BUILD_DIR/$PRODUCT_NAME.app/Contents/Frameworks/"
</string>
			</dict>
			<key>E4C2427710CC5ABF004149E2</key>
			<dict>
				<key>buildActionMask</key>
				<string>2147483647</string>
				<key>dstPath</key>
				<string />
				<key>dstSubfolderSpec</key>
				<string>10</string>
				<key>files</key>
				<array />
				<key>isa</key>
				<string>PBXCopyFilesBuildPhase</string>
				<key>runOnlyForDeploymentPostprocessing</key>
				<string>0</string>
			</dict>
			<key>E4EB691F138AFCF100A09F29</key>
			<dict>
				<key>fileEncoding</key>
				<string>4</string>
				<key>isa</key>
				<string>PBXFileReference</string>
				<key>lastKnownFileType</key>
				<string>text.xcconfig</string>
				<key>name</key>
				<string>CoreOF.xcconfig</string>
				<key>path</key>
				<string>../../../../libs/openFrameworksCompiled/project/osx/CoreOF.xcconfig</string>
				<key>sourceTree</key>
				<string>SOURCE_ROOT</string>
			</dict>
			<key>E4EB6923138AFD0F00A09F29</key>
			<dict>
				<key>fileEncoding</key>
				<string>4</string>
				<key>isa</key>
				<string>PBXFileReference</string>
				<key>lastKnownFileType</key>
				<string>text.xcconfig</string>
				<key>path</key>
				<string>Project.xcconfig</string>
				<key>sourceTree</key>
				<string>&lt;group&gt;</string>
			</dict>
			<key>E4EEB9AB138B136A00A80321</key>
			<dict>
				<key>containerPortal</key>
				<string>E4328143138ABC890047C5CB</string>
				<key>isa</key>
				<string>PBXContainerItemProxy</string>
				<key>proxyType</key>
				<string>1</string>
				<key>remoteGlobalIDString</key>
				<string>E4B27C1410CBEB8E00536013</string>
				<key>remoteInfo</key>
				<string>openFrameworks</string>
			</dict>
			<key>E4EEB9AC138B136A00A80321</key>
			<dict>
				<key>isa</key>
				<string>PBXTargetDependency</string>
				<key>name</key>
				<string>openFrameworks</string>
				<key>targetProxy</key>
				<string>E4EEB9AB138B136A00A80321</string>
			</dict>
			<key>E4EEC9E9138DF44700A80321</key>
			<dict>
				<key>children</key>
				<array>
					<string>E4EB691F138AFCF100A09F29</string>
					<string>E4328143138ABC890047C5CB</string>
				</array>
				<key>isa</key>
				<string>PBXGroup</string>
				<key>name</key>
				<string>openFrameworks</string>
				<key>sourceTree</key>
				<string>&lt;group&gt;</string>
			</dict>
		</dict>
		<key>rootObject</key>
		<string>E4B69B4C0A3A1720003C02F2</string>
	</dict>
</plist>
