<?xml version="1.0"?>
<plist version="1.0">
	<dict>
		<key>archiveVersion</key>
		<string>1</string>
		<key>classes</key>
		<dict />
		<key>objectVersion</key>
		<string>46</string>
		<key>objects</key>
		<dict>
			<key>5B91FA9C0FEAF1D17DB8AED0</key>
			<dict>
				<key>children</key>
				<array>
					<string>40675FE8A7502EF9D047484A</string>
				</array>
				<key>isa</key>
				<string>PBXGroup</string>
				<key>name</key>
				<string>collections</string>
				<key>sourceTree</key>
				<string>&lt;group&gt;</string>
			</dict>
			<key>40675FE8A7502EF9D047484A</key>
			<dict>
				<key>explicitFileType</key>
				<string>sourcecode.c.h</string>
				<key>fileEncoding</key>
				<string>30</string>
				<key>isa</key>
				<string>PBXFileReference</string>
				<key>name</key>
				<string>basic.hpp</string>
				<key>path</key>
				<string>../../../../addons/ofxDarkKnight/libs/collections/basic.hpp</string>
				<key>sourceTree</key>
				<string>SOURCE_ROOT</string>
			</dict>
			<key>EAF400088813B32B17BE975B</key>
			<dict>
				<key>fileRef</key>
				<string>EFB23867D4F390851DA19D90</string>
				<key>isa</key>
				<string>PBXBuildFile</string>
			</dict>
			<key>EFB23867D4F390851DA19D90</key>
			<dict>
				<key>explicitFileType</key>
				<string>sourcecode.cpp.cpp</string>
				<key>fileEncoding</key>
				<string>30</string>
				<key>isa</key>
				<string>PBXFileReference</string>
				<key>name</key>
				<string>preview.cpp</string>
				<key>path</key>
				<string>../../../../addons/ofxDarkKnight/libs/modules/preview.cpp</string>
				<key>sourceTree</key>
				<string>SOURCE_ROOT</string>
			</dict>
			<key>4F0CC93C6AFD2A520B3AB79B</key>
			<dict>
				<key>fileRef</key>
				<string>92676A0414CC23395587277F</string>
				<key>isa</key>
				<string>PBXBuildFile</string>
			</dict>
			<key>92676A0414CC23395587277F</key>
			<dict>
				<key>explicitFileType</key>
				<string>sourcecode.cpp.cpp</string>
				<key>fileEncoding</key>
				<string>30</string>
				<key>isa</key>
				<string>PBXFileReference</string>
				<key>name</key>
				<string>screenOutput.cpp</string>
				<key>path</key>
				<string>../../../../addons/ofxDarkKnight/libs/modules/screenOutput.cpp</string>
				<key>sourceTree</key>
				<string>SOURCE_ROOT</string>
			</dict>
			<key>A674C42AC77155EEE093B0A2</key>
			<dict>
				<key>explicitFileType</key>
				<string>sourcecode.c.h</string>
				<key>fileEncoding</key>
				<string>30</string>
				<key>isa</key>
				<string>PBXFileReference</string>
				<key>name</key>
				<string>screenOutput.hpp</string>
				<key>path</key>
				<string>../../../../addons/ofxDarkKnight/libs/modules/screenOutput.hpp</string>
				<key>sourceTree</key>
				<string>SOURCE_ROOT</string>
			</dict>
			<key>981F8D1729FDF1438B82D7B0</key>
			<dict>
				<key>children</key>
				<array>
					<string>3A169CD79215E78D8C1D3F6F</string>
					<string>A674C42AC77155EEE093B0A2</string>
					<string>92676A0414CC23395587277F</string>
					<string>EFB23867D4F390851DA19D90</string>
				</array>
				<key>isa</key>
				<string>PBXGroup</string>
				<key>name</key>
				<string>modules</string>
				<key>sourceTree</key>
				<string>&lt;group&gt;</string>
			</dict>
			<key>3A169CD79215E78D8C1D3F6F</key>
			<dict>
				<key>explicitFileType</key>
				<string>sourcecode.c.h</string>
				<key>fileEncoding</key>
				<string>30</string>
				<key>isa</key>
				<string>PBXFileReference</string>
				<key>name</key>
				<string>preview.hpp</string>
				<key>path</key>
				<string>../../../../addons/ofxDarkKnight/libs/modules/preview.hpp</string>
				<key>sourceTree</key>
				<string>SOURCE_ROOT</string>
			</dict>
			<key>DB1A8AADE1A8F5F0402F4660</key>
			<dict>
				<key>fileRef</key>
				<string>1056FA5248C9527727B26656</string>
				<key>isa</key>
				<string>PBXBuildFile</string>
			</dict>
			<key>1056FA5248C9527727B26656</key>
			<dict>
				<key>explicitFileType</key>
				<string>sourcecode.cpp.cpp</string>
				<key>fileEncoding</key>
				<string>30</string>
				<key>isa</key>
				<string>PBXFileReference</string>
				<key>name</key>
				<string>terrain.cpp</string>
				<key>path</key>
				<string>../../../../addons/ofxDarkKnight/libs/graphics/terrain.cpp</string>
				<key>sourceTree</key>
				<string>SOURCE_ROOT</string>
			</dict>
			<key>53941A27FC7493E9CE31EAA6</key>
			<dict>
				<key>explicitFileType</key>
				<string>sourcecode.c.h</string>
				<key>fileEncoding</key>
				<string>30</string>
				<key>isa</key>
				<string>PBXFileReference</string>
				<key>name</key>
				<string>constellation.h</string>
				<key>path</key>
				<string>../../../../addons/ofxDarkKnight/libs/graphics/constellation.h</string>
				<key>sourceTree</key>
				<string>SOURCE_ROOT</string>
			</dict>
			<key>AE3CCF45A9AD9E9151C5AE35</key>
			<dict>
				<key>fileRef</key>
				<string>96B87D145339D8812AF686A8</string>
				<key>isa</key>
				<string>PBXBuildFile</string>
			</dict>
			<key>96B87D145339D8812AF686A8</key>
			<dict>
				<key>explicitFileType</key>
				<string>sourcecode.cpp.cpp</string>
				<key>fileEncoding</key>
				<string>30</string>
				<key>isa</key>
				<string>PBXFileReference</string>
				<key>name</key>
				<string>constellation.cpp</string>
				<key>path</key>
				<string>../../../../addons/ofxDarkKnight/libs/graphics/constellation.cpp</string>
				<key>sourceTree</key>
				<string>SOURCE_ROOT</string>
			</dict>
			<key>47A657DEAB741DB27CF97C0C</key>
			<dict>
				<key>children</key>
				<array>
					<string>9D12C7333DDC2422F9128B70</string>
					<string>96B87D145339D8812AF686A8</string>
					<string>53941A27FC7493E9CE31EAA6</string>
					<string>1056FA5248C9527727B26656</string>
				</array>
				<key>isa</key>
				<string>PBXGroup</string>
				<key>name</key>
				<string>graphics</string>
				<key>sourceTree</key>
				<string>&lt;group&gt;</string>
			</dict>
			<key>9D12C7333DDC2422F9128B70</key>
			<dict>
				<key>explicitFileType</key>
				<string>sourcecode.c.h</string>
				<key>fileEncoding</key>
				<string>30</string>
				<key>isa</key>
				<string>PBXFileReference</string>
				<key>name</key>
				<string>terrain.hpp</string>
				<key>path</key>
				<string>../../../../addons/ofxDarkKnight/libs/graphics/terrain.hpp</string>
				<key>sourceTree</key>
				<string>SOURCE_ROOT</string>
			</dict>
			<key>B451062511D3D6C491113401</key>
			<dict>
				<key>explicitFileType</key>
				<string>sourcecode.c.h</string>
				<key>fileEncoding</key>
				<string>30</string>
				<key>isa</key>
				<string>PBXFileReference</string>
				<key>name</key>
				<string>ofxDatGuiThemes.h</string>
				<key>path</key>
				<string>../../../../addons/ofxDarkKnight/libs/ofxDatGui/src/themes/ofxDatGuiThemes.h</string>
				<key>sourceTree</key>
				<string>SOURCE_ROOT</string>
			</dict>
			<key>F37A83DC3BB71981E789D7D9</key>
			<dict>
				<key>children</key>
				<array>
					<string>0CFF692910223EFBCE46F7E8</string>
					<string>B451062511D3D6C491113401</string>
				</array>
				<key>isa</key>
				<string>PBXGroup</string>
				<key>name</key>
				<string>themes</string>
				<key>sourceTree</key>
				<string>&lt;group&gt;</string>
			</dict>
			<key>0CFF692910223EFBCE46F7E8</key>
			<dict>
				<key>explicitFileType</key>
				<string>sourcecode.c.h</string>
				<key>fileEncoding</key>
				<string>30</string>
				<key>isa</key>
				<string>PBXFileReference</string>
				<key>name</key>
				<string>ofxDatGuiTheme.h</string>
				<key>path</key>
				<string>../../../../addons/ofxDarkKnight/libs/ofxDatGui/src/themes/ofxDatGuiTheme.h</string>
				<key>sourceTree</key>
				<string>SOURCE_ROOT</string>
			</dict>
			<key>283F6486FE651887F1CF3736</key>
			<dict>
				<key>explicitFileType</key>
				<string>sourcecode.c.h</string>
				<key>fileEncoding</key>
				<string>30</string>
				<key>isa</key>
				<string>PBXFileReference</string>
				<key>name</key>
				<string>ofxDatGuiMatrix.h</string>
				<key>path</key>
				<string>../../../../addons/ofxDarkKnight/libs/ofxDatGui/src/components/ofxDatGuiMatrix.h</string>
				<key>sourceTree</key>
				<string>SOURCE_ROOT</string>
			</dict>
			<key>5627259077904B7524D948FD</key>
			<dict>
				<key>explicitFileType</key>
				<string>sourcecode.c.h</string>
				<key>fileEncoding</key>
				<string>30</string>
				<key>isa</key>
				<string>PBXFileReference</string>
				<key>name</key>
				<string>ofxDatGuiTextInput.h</string>
				<key>path</key>
				<string>../../../../addons/ofxDarkKnight/libs/ofxDatGui/src/components/ofxDatGuiTextInput.h</string>
				<key>sourceTree</key>
				<string>SOURCE_ROOT</string>
			</dict>
			<key>72580EF2E2CF4BA245B948F2</key>
			<dict>
				<key>explicitFileType</key>
				<string>sourcecode.c.h</string>
				<key>fileEncoding</key>
				<string>30</string>
				<key>isa</key>
				<string>PBXFileReference</string>
				<key>name</key>
				<string>ofxDatGui2dPad.h</string>
				<key>path</key>
				<string>../../../../addons/ofxDarkKnight/libs/ofxDatGui/src/components/ofxDatGui2dPad.h</string>
				<key>sourceTree</key>
				<string>SOURCE_ROOT</string>
			</dict>
			<key>B0CF744BB21DBC25D35C17FF</key>
			<dict>
				<key>explicitFileType</key>
				<string>sourcecode.c.h</string>
				<key>fileEncoding</key>
				<string>30</string>
				<key>isa</key>
				<string>PBXFileReference</string>
				<key>name</key>
				<string>ofxDatGuiLabel.h</string>
				<key>path</key>
				<string>../../../../addons/ofxDarkKnight/libs/ofxDatGui/src/components/ofxDatGuiLabel.h</string>
				<key>sourceTree</key>
				<string>SOURCE_ROOT</string>
			</dict>
			<key>A2403DBC5E17FBA5AE183F7F</key>
			<dict>
				<key>explicitFileType</key>
				<string>sourcecode.c.h</string>
				<key>fileEncoding</key>
				<string>30</string>
				<key>isa</key>
				<string>PBXFileReference</string>
				<key>name</key>
				<string>ofxDatGuiScrollView.h</string>
				<key>path</key>
				<string>../../../../addons/ofxDarkKnight/libs/ofxDatGui/src/components/ofxDatGuiScrollView.h</string>
				<key>sourceTree</key>
				<string>SOURCE_ROOT</string>
			</dict>
			<key>A32A581FBD043C63EAB9B9D3</key>
			<dict>
				<key>explicitFileType</key>
				<string>sourcecode.c.h</string>
				<key>fileEncoding</key>
				<string>30</string>
				<key>isa</key>
				<string>PBXFileReference</string>
				<key>name</key>
				<string>ofxDatGuiGroups.h</string>
				<key>path</key>
				<string>../../../../addons/ofxDarkKnight/libs/ofxDatGui/src/components/ofxDatGuiGroups.h</string>
				<key>sourceTree</key>
				<string>SOURCE_ROOT</string>
			</dict>
			<key>00DD6088A1642B15317C9DA4</key>
			<dict>
				<key>explicitFileType</key>
				<string>sourcecode.c.h</string>
				<key>fileEncoding</key>
				<string>30</string>
				<key>isa</key>
				<string>PBXFileReference</string>
				<key>name</key>
				<string>ofxDatGuiControls.h</string>
				<key>path</key>
				<string>../../../../addons/ofxDarkKnight/libs/ofxDatGui/src/components/ofxDatGuiControls.h</string>
				<key>sourceTree</key>
				<string>SOURCE_ROOT</string>
			</dict>
			<key>791EFDD0B9843F7A6FA1FB45</key>
			<dict>
				<key>explicitFileType</key>
				<string>sourcecode.c.h</string>
				<key>fileEncoding</key>
				<string>30</string>
				<key>isa</key>
				<string>PBXFileReference</string>
				<key>name</key>
				<string>ofxDatGuiButton.h</string>
				<key>path</key>
				<string>../../../../addons/ofxDarkKnight/libs/ofxDatGui/src/components/ofxDatGuiButton.h</string>
				<key>sourceTree</key>
				<string>SOURCE_ROOT</string>
			</dict>
			<key>FB3D87DA66F68211521DF0FF</key>
			<dict>
				<key>explicitFileType</key>
				<string>sourcecode.c.h</string>
				<key>fileEncoding</key>
				<string>30</string>
				<key>isa</key>
				<string>PBXFileReference</string>
				<key>name</key>
				<string>ofxDatGuiTextInputField.h</string>
				<key>path</key>
				<string>../../../../addons/ofxDarkKnight/libs/ofxDatGui/src/components/ofxDatGuiTextInputField.h</string>
				<key>sourceTree</key>
				<string>SOURCE_ROOT</string>
			</dict>
			<key>CFAA82E033A3062FA22D4EB2</key>
			<dict>
				<key>explicitFileType</key>
				<string>sourcecode.c.h</string>
				<key>fileEncoding</key>
				<string>30</string>
				<key>isa</key>
				<string>PBXFileReference</string>
				<key>name</key>
				<string>ofxDatGuiTimeGraph.h</string>
				<key>path</key>
				<string>../../../../addons/ofxDarkKnight/libs/ofxDatGui/src/components/ofxDatGuiTimeGraph.h</string>
				<key>sourceTree</key>
				<string>SOURCE_ROOT</string>
			</dict>
			<key>4BB36353B4953403F0B94BCE</key>
			<dict>
				<key>explicitFileType</key>
				<string>sourcecode.c.h</string>
				<key>fileEncoding</key>
				<string>30</string>
				<key>isa</key>
				<string>PBXFileReference</string>
				<key>name</key>
				<string>ofxDatGuiFRM.h</string>
				<key>path</key>
				<string>../../../../addons/ofxDarkKnight/libs/ofxDatGui/src/components/ofxDatGuiFRM.h</string>
				<key>sourceTree</key>
				<string>SOURCE_ROOT</string>
			</dict>
			<key>C152841580D64D617CB74C14</key>
			<dict>
				<key>explicitFileType</key>
				<string>sourcecode.c.h</string>
				<key>fileEncoding</key>
				<string>30</string>
				<key>isa</key>
				<string>PBXFileReference</string>
				<key>name</key>
				<string>ofxDatGuiSlider.h</string>
				<key>path</key>
				<string>../../../../addons/ofxDarkKnight/libs/ofxDatGui/src/components/ofxDatGuiSlider.h</string>
				<key>sourceTree</key>
				<string>SOURCE_ROOT</string>
			</dict>
			<key>4A24E52AE2F11A145611F8F1</key>
			<dict>
				<key>children</key>
				<array>
					<string>36CD0D75C654F06EC111547C</string>
					<string>C152841580D64D617CB74C14</string>
					<string>4BB36353B4953403F0B94BCE</string>
					<string>CFAA82E033A3062FA22D4EB2</string>
					<string>FB3D87DA66F68211521DF0FF</string>
					<string>791EFDD0B9843F7A6FA1FB45</string>
					<string>00DD6088A1642B15317C9DA4</string>
					<string>A32A581FBD043C63EAB9B9D3</string>
					<string>A2403DBC5E17FBA5AE183F7F</string>
					<string>B0CF744BB21DBC25D35C17FF</string>
					<string>72580EF2E2CF4BA245B948F2</string>
					<string>5627259077904B7524D948FD</string>
					<string>283F6486FE651887F1CF3736</string>
				</array>
				<key>isa</key>
				<string>PBXGroup</string>
				<key>name</key>
				<string>components</string>
				<key>sourceTree</key>
				<string>&lt;group&gt;</string>
			</dict>
			<key>36CD0D75C654F06EC111547C</key>
			<dict>
				<key>explicitFileType</key>
				<string>sourcecode.c.h</string>
				<key>fileEncoding</key>
				<string>30</string>
				<key>isa</key>
				<string>PBXFileReference</string>
				<key>name</key>
				<string>ofxDatGuiColorPicker.h</string>
				<key>path</key>
				<string>../../../../addons/ofxDarkKnight/libs/ofxDatGui/src/components/ofxDatGuiColorPicker.h</string>
				<key>sourceTree</key>
				<string>SOURCE_ROOT</string>
			</dict>
			<key>5D48A5A3C2369787E49F1B27</key>
			<dict>
				<key>explicitFileType</key>
				<string>sourcecode.c.h</string>
				<key>fileEncoding</key>
				<string>30</string>
				<key>isa</key>
				<string>PBXFileReference</string>
				<key>name</key>
				<string>ofxSmartFont.h</string>
				<key>path</key>
				<string>../../../../addons/ofxDarkKnight/libs/ofxDatGui/src/libs/ofxSmartFont/ofxSmartFont.h</string>
				<key>sourceTree</key>
				<string>SOURCE_ROOT</string>
			</dict>
			<key>09059BC85D859485C9E031E0</key>
			<dict>
				<key>children</key>
				<array>
					<string>1AD52A443933C8D2E653CEA8</string>
					<string>5D48A5A3C2369787E49F1B27</string>
				</array>
				<key>isa</key>
				<string>PBXGroup</string>
				<key>name</key>
				<string>ofxSmartFont</string>
				<key>sourceTree</key>
				<string>&lt;group&gt;</string>
			</dict>
			<key>15764193CBE0FA2214143CA7</key>
			<dict>
				<key>children</key>
				<array>
					<string>09059BC85D859485C9E031E0</string>
				</array>
				<key>isa</key>
				<string>PBXGroup</string>
				<key>name</key>
				<string>libs</string>
				<key>sourceTree</key>
				<string>&lt;group&gt;</string>
			</dict>
			<key>61FE41868969B94A3ADD1CEC</key>
			<dict>
				<key>fileRef</key>
				<string>1AD52A443933C8D2E653CEA8</string>
				<key>isa</key>
				<string>PBXBuildFile</string>
			</dict>
			<key>1AD52A443933C8D2E653CEA8</key>
			<dict>
				<key>explicitFileType</key>
				<string>sourcecode.cpp.cpp</string>
				<key>fileEncoding</key>
				<string>30</string>
				<key>isa</key>
				<string>PBXFileReference</string>
				<key>name</key>
				<string>ofxSmartFont.cpp</string>
				<key>path</key>
				<string>../../../../addons/ofxDarkKnight/libs/ofxDatGui/src/libs/ofxSmartFont/ofxSmartFont.cpp</string>
				<key>sourceTree</key>
				<string>SOURCE_ROOT</string>
			</dict>
			<key>B94C7308FDD934CFB789A5C4</key>
			<dict>
				<key>fileRef</key>
				<string>3DEBFB908D16B5FCCD758CA6</string>
				<key>isa</key>
				<string>PBXBuildFile</string>
			</dict>
			<key>3DEBFB908D16B5FCCD758CA6</key>
			<dict>
				<key>explicitFileType</key>
				<string>sourcecode.cpp.cpp</string>
				<key>fileEncoding</key>
				<string>30</string>
				<key>isa</key>
				<string>PBXFileReference</string>
				<key>name</key>
				<string>ofxDatGui.cpp</string>
				<key>path</key>
				<string>../../../../addons/ofxDarkKnight/libs/ofxDatGui/src/ofxDatGui.cpp</string>
				<key>sourceTree</key>
				<string>SOURCE_ROOT</string>
			</dict>
			<key>5FE6DE813616BCB7F87D0A56</key>
			<dict>
				<key>explicitFileType</key>
				<string>sourcecode.c.h</string>
				<key>fileEncoding</key>
				<string>30</string>
				<key>isa</key>
				<string>PBXFileReference</string>
				<key>name</key>
				<string>ofxDatGui.h</string>
				<key>path</key>
				<string>../../../../addons/ofxDarkKnight/libs/ofxDatGui/src/ofxDatGui.h</string>
				<key>sourceTree</key>
				<string>SOURCE_ROOT</string>
			</dict>
			<key>CFC507F3A59886ECF358E98B</key>
			<dict>
				<key>explicitFileType</key>
				<string>sourcecode.c.h</string>
				<key>fileEncoding</key>
				<string>30</string>
				<key>isa</key>
				<string>PBXFileReference</string>
				<key>name</key>
				<string>ofxDatGuiComponent.h</string>
				<key>path</key>
				<string>../../../../addons/ofxDarkKnight/libs/ofxDatGui/src/core/ofxDatGuiComponent.h</string>
				<key>sourceTree</key>
				<string>SOURCE_ROOT</string>
			</dict>
			<key>DFBDDEA8D7E65F4E9B7069A7</key>
			<dict>
				<key>explicitFileType</key>
				<string>sourcecode.c.h</string>
				<key>fileEncoding</key>
				<string>30</string>
				<key>isa</key>
				<string>PBXFileReference</string>
				<key>name</key>
				<string>ofxDatGuiEvents.h</string>
				<key>path</key>
				<string>../../../../addons/ofxDarkKnight/libs/ofxDatGui/src/core/ofxDatGuiEvents.h</string>
				<key>sourceTree</key>
				<string>SOURCE_ROOT</string>
			</dict>
			<key>492AFE7BCFB60863E60DB425</key>
			<dict>
				<key>explicitFileType</key>
				<string>sourcecode.c.h</string>
				<key>fileEncoding</key>
				<string>30</string>
				<key>isa</key>
				<string>PBXFileReference</string>
				<key>name</key>
				<string>ofxDatGuiConstants.h</string>
				<key>path</key>
				<string>../../../../addons/ofxDarkKnight/libs/ofxDatGui/src/core/ofxDatGuiConstants.h</string>
				<key>sourceTree</key>
				<string>SOURCE_ROOT</string>
			</dict>
			<key>816521FE21D5BBC8BEC7CDB8</key>
			<dict>
				<key>fileRef</key>
				<string>0A7BFD3908F9F8CDD3E9D39A</string>
				<key>isa</key>
				<string>PBXBuildFile</string>
			</dict>
			<key>0A7BFD3908F9F8CDD3E9D39A</key>
			<dict>
				<key>explicitFileType</key>
				<string>sourcecode.cpp.cpp</string>
				<key>fileEncoding</key>
				<string>30</string>
				<key>isa</key>
				<string>PBXFileReference</string>
				<key>name</key>
				<string>ofxDatGuiComponent.cpp</string>
				<key>path</key>
				<string>../../../../addons/ofxDarkKnight/libs/ofxDatGui/src/core/ofxDatGuiComponent.cpp</string>
				<key>sourceTree</key>
				<string>SOURCE_ROOT</string>
			</dict>
			<key>AED807309D6FCB9B38DBC5E7</key>
			<dict>
				<key>children</key>
				<array>
					<string>FF9460D1A07978867F3BF979</string>
					<string>0A7BFD3908F9F8CDD3E9D39A</string>
					<string>492AFE7BCFB60863E60DB425</string>
					<string>DFBDDEA8D7E65F4E9B7069A7</string>
					<string>CFC507F3A59886ECF358E98B</string>
				</array>
				<key>isa</key>
				<string>PBXGroup</string>
				<key>name</key>
				<string>core</string>
				<key>sourceTree</key>
				<string>&lt;group&gt;</string>
			</dict>
			<key>8BAF5F0FE107BA6C840CF4B4</key>
			<dict>
				<key>children</key>
				<array>
					<string>AED807309D6FCB9B38DBC5E7</string>
					<string>5FE6DE813616BCB7F87D0A56</string>
					<string>3DEBFB908D16B5FCCD758CA6</string>
					<string>15764193CBE0FA2214143CA7</string>
					<string>4A24E52AE2F11A145611F8F1</string>
					<string>F37A83DC3BB71981E789D7D9</string>
				</array>
				<key>isa</key>
				<string>PBXGroup</string>
				<key>name</key>
				<string>src</string>
				<key>sourceTree</key>
				<string>&lt;group&gt;</string>
			</dict>
			<key>6326BBE936D3880FEC2332B2</key>
			<dict>
				<key>children</key>
				<array>
					<string>8BAF5F0FE107BA6C840CF4B4</string>
				</array>
				<key>isa</key>
				<string>PBXGroup</string>
				<key>name</key>
				<string>ofxDatGui</string>
				<key>sourceTree</key>
				<string>&lt;group&gt;</string>
			</dict>
			<key>FFDA6957EEFE4B65BBBAB0A5</key>
			<dict>
				<key>children</key>
				<array>
					<string>6326BBE936D3880FEC2332B2</string>
					<string>47A657DEAB741DB27CF97C0C</string>
					<string>981F8D1729FDF1438B82D7B0</string>
					<string>5B91FA9C0FEAF1D17DB8AED0</string>
				</array>
				<key>isa</key>
				<string>PBXGroup</string>
				<key>name</key>
				<string>libs</string>
				<key>sourceTree</key>
				<string>&lt;group&gt;</string>
			</dict>
			<key>FF9460D1A07978867F3BF979</key>
			<dict>
				<key>explicitFileType</key>
				<string>sourcecode.c.h</string>
				<key>fileEncoding</key>
				<string>30</string>
				<key>isa</key>
				<string>PBXFileReference</string>
				<key>name</key>
				<string>ofxDatGuiIntObject.h</string>
				<key>path</key>
				<string>../../../../addons/ofxDarkKnight/libs/ofxDatGui/src/core/ofxDatGuiIntObject.h</string>
				<key>sourceTree</key>
				<string>SOURCE_ROOT</string>
			</dict>
			<key>F4A6AFFD8B027B81E83F365B</key>
			<dict>
				<key>fileRef</key>
				<string>37F9A7637D6F3FCFAB7FD69D</string>
				<key>isa</key>
				<string>PBXBuildFile</string>
			</dict>
			<key>37F9A7637D6F3FCFAB7FD69D</key>
			<dict>
				<key>explicitFileType</key>
				<string>sourcecode.cpp.cpp</string>
				<key>fileEncoding</key>
				<string>30</string>
				<key>isa</key>
				<string>PBXFileReference</string>
				<key>name</key>
				<string>mediaPool.cpp</string>
				<key>path</key>
				<string>../../../../addons/ofxDarkKnight/src/mediaPool.cpp</string>
				<key>sourceTree</key>
				<string>SOURCE_ROOT</string>
			</dict>
			<key>C8C8DA8603CF7AEF6FACFA39</key>
			<dict>
				<key>explicitFileType</key>
				<string>sourcecode.c.h</string>
				<key>fileEncoding</key>
				<string>30</string>
				<key>isa</key>
				<string>PBXFileReference</string>
				<key>name</key>
				<string>wireConnection.hpp</string>
				<key>path</key>
				<string>../../../../addons/ofxDarkKnight/src/wireConnection.hpp</string>
				<key>sourceTree</key>
				<string>SOURCE_ROOT</string>
			</dict>
			<key>4306049F560401D4E07DDC70</key>
			<dict>
				<key>explicitFileType</key>
				<string>sourcecode.c.h</string>
				<key>fileEncoding</key>
				<string>30</string>
				<key>isa</key>
				<string>PBXFileReference</string>
				<key>name</key>
				<string>wire.hpp</string>
				<key>path</key>
				<string>../../../../addons/ofxDarkKnight/src/wire.hpp</string>
				<key>sourceTree</key>
				<string>SOURCE_ROOT</string>
			</dict>
			<key>EB5A81D1F3467DD22E3260B6</key>
			<dict>
				<key>fileRef</key>
				<string>6A943485AB53989367781EEC</string>
				<key>isa</key>
				<string>PBXBuildFile</string>
			</dict>
			<key>6A943485AB53989367781EEC</key>
			<dict>
				<key>explicitFileType</key>
				<string>sourcecode.cpp.cpp</string>
				<key>fileEncoding</key>
				<string>30</string>
				<key>isa</key>
				<string>PBXFileReference</string>
				<key>name</key>
				<string>ofxDarkKnight.cpp</string>
				<key>path</key>
				<string>../../../../addons/ofxDarkKnight/src/ofxDarkKnight.cpp</string>
				<key>sourceTree</key>
				<string>SOURCE_ROOT</string>
			</dict>
			<key>4431ACB6CAD229DA7F75116C</key>
			<dict>
				<key>explicitFileType</key>
				<string>sourcecode.c.h</string>
				<key>fileEncoding</key>
				<string>30</string>
				<key>isa</key>
				<string>PBXFileReference</string>
				<key>name</key>
				<string>module.hpp</string>
				<key>path</key>
				<string>../../../../addons/ofxDarkKnight/src/module.hpp</string>
				<key>sourceTree</key>
				<string>SOURCE_ROOT</string>
			</dict>
			<key>9876456FEC938883ED32A4BB</key>
			<dict>
				<key>fileRef</key>
				<string>9BF353D174304068F3A2D144</string>
				<key>isa</key>
				<string>PBXBuildFile</string>
			</dict>
			<key>9BF353D174304068F3A2D144</key>
			<dict>
				<key>explicitFileType</key>
				<string>sourcecode.cpp.cpp</string>
				<key>fileEncoding</key>
				<string>30</string>
				<key>isa</key>
				<string>PBXFileReference</string>
				<key>name</key>
				<string>module.cpp</string>
				<key>path</key>
				<string>../../../../addons/ofxDarkKnight/src/module.cpp</string>
				<key>sourceTree</key>
				<string>SOURCE_ROOT</string>
			</dict>
			<key>1FCD564EB6C5FD5D4C3BDB59</key>
			<dict>
				<key>explicitFileType</key>
				<string>sourcecode.c.h</string>
				<key>fileEncoding</key>
				<string>30</string>
				<key>isa</key>
				<string>PBXFileReference</string>
				<key>name</key>
				<string>mediaPool.hpp</string>
				<key>path</key>
				<string>../../../../addons/ofxDarkKnight/src/mediaPool.hpp</string>
				<key>sourceTree</key>
				<string>SOURCE_ROOT</string>
			</dict>
			<key>B7071B64E773683D41EDF8C1</key>
			<dict>
				<key>fileRef</key>
				<string>EB5C9FEB71D7B357F17417CB</string>
				<key>isa</key>
				<string>PBXBuildFile</string>
			</dict>
			<key>EB5C9FEB71D7B357F17417CB</key>
			<dict>
				<key>explicitFileType</key>
				<string>sourcecode.cpp.cpp</string>
				<key>fileEncoding</key>
				<string>30</string>
				<key>isa</key>
				<string>PBXFileReference</string>
				<key>name</key>
				<string>wireConnection.cpp</string>
				<key>path</key>
				<string>../../../../addons/ofxDarkKnight/src/wireConnection.cpp</string>
				<key>sourceTree</key>
				<string>SOURCE_ROOT</string>
			</dict>
			<key>D66C549BEB2FA4ADD4B0B6B5</key>
			<dict>
				<key>fileRef</key>
				<string>3B01F8D6860B147C76B6E759</string>
				<key>isa</key>
				<string>PBXBuildFile</string>
			</dict>
			<key>3B01F8D6860B147C76B6E759</key>
			<dict>
				<key>explicitFileType</key>
				<string>sourcecode.cpp.cpp</string>
				<key>fileEncoding</key>
				<string>30</string>
				<key>isa</key>
				<string>PBXFileReference</string>
				<key>name</key>
				<string>wire.cpp</string>
				<key>path</key>
				<string>../../../../addons/ofxDarkKnight/src/wire.cpp</string>
				<key>sourceTree</key>
				<string>SOURCE_ROOT</string>
			</dict>
			<key>DF09620C98E9F387D18BD32F</key>
			<dict>
				<key>children</key>
				<array>
					<string>0D92E7999F6FAD37FDADA2F3</string>
					<string>3B01F8D6860B147C76B6E759</string>
					<string>EB5C9FEB71D7B357F17417CB</string>
					<string>1FCD564EB6C5FD5D4C3BDB59</string>
					<string>9BF353D174304068F3A2D144</string>
					<string>4431ACB6CAD229DA7F75116C</string>
					<string>6A943485AB53989367781EEC</string>
					<string>4306049F560401D4E07DDC70</string>
					<string>C8C8DA8603CF7AEF6FACFA39</string>
					<string>37F9A7637D6F3FCFAB7FD69D</string>
				</array>
				<key>isa</key>
				<string>PBXGroup</string>
				<key>name</key>
				<string>src</string>
				<key>sourceTree</key>
				<string>&lt;group&gt;</string>
			</dict>
			<key>D0F400649B1FA5CEB6E77D82</key>
			<dict>
				<key>children</key>
				<array>
					<string>DF09620C98E9F387D18BD32F</string>
					<string>FFDA6957EEFE4B65BBBAB0A5</string>
				</array>
				<key>isa</key>
				<string>PBXGroup</string>
				<key>name</key>
				<string>ofxDarkKnight</string>
				<key>sourceTree</key>
				<string>&lt;group&gt;</string>
			</dict>
			<key>0D92E7999F6FAD37FDADA2F3</key>
			<dict>
				<key>explicitFileType</key>
				<string>sourcecode.c.h</string>
				<key>fileEncoding</key>
				<string>30</string>
				<key>isa</key>
				<string>PBXFileReference</string>
				<key>name</key>
				<string>ofxDarkKnight.hpp</string>
				<key>path</key>
				<string>../../../../addons/ofxDarkKnight/src/ofxDarkKnight.hpp</string>
				<key>sourceTree</key>
				<string>SOURCE_ROOT</string>
			</dict>
			<key>6948EE371B920CB800B5AC1A</key>
			<dict>
				<key>children</key>
				<array />
				<key>isa</key>
				<string>PBXGroup</string>
				<key>name</key>
				<string>local_addons</string>
				<key>sourceTree</key>
				<string>&lt;group&gt;</string>
			</dict>
			<key>BB4B014C10F69532006C3DED</key>
			<dict>
				<key>children</key>
				<array>
					<string>D0F400649B1FA5CEB6E77D82</string>
				</array>
				<key>isa</key>
				<string>PBXGroup</string>
				<key>name</key>
				<string>addons</string>
				<key>sourceTree</key>
				<string>&lt;group&gt;</string>
			</dict>
			<key>E4328143138ABC890047C5CB</key>
			<dict>
				<key>isa</key>
				<string>PBXFileReference</string>
				<key>lastKnownFileType</key>
				<string>wrapper.pb-project</string>
				<key>name</key>
				<string>openFrameworksLib.xcodeproj</string>
				<key>path</key>
				<string>../../../../libs/openFrameworksCompiled/project/osx/openFrameworksLib.xcodeproj</string>
				<key>sourceTree</key>
				<string>SOURCE_ROOT</string>
			</dict>
			<key>E4328144138ABC890047C5CB</key>
			<dict>
				<key>children</key>
				<array>
					<string>E4328148138ABC890047C5CB</string>
				</array>
				<key>isa</key>
				<string>PBXGroup</string>
				<key>name</key>
				<string>Products</string>
				<key>sourceTree</key>
				<string>&lt;group&gt;</string>
			</dict>
			<key>E4328147138ABC890047C5CB</key>
			<dict>
				<key>containerPortal</key>
				<string>E4328143138ABC890047C5CB</string>
				<key>isa</key>
				<string>PBXContainerItemProxy</string>
				<key>proxyType</key>
				<string>2</string>
				<key>remoteGlobalIDString</key>
				<string>E4B27C1510CBEB8E00536013</string>
				<key>remoteInfo</key>
				<string>openFrameworks</string>
			</dict>
			<key>E4328148138ABC890047C5CB</key>
			<dict>
				<key>fileType</key>
				<string>archive.ar</string>
				<key>isa</key>
				<string>PBXReferenceProxy</string>
				<key>path</key>
				<string>openFrameworksDebug.a</string>
				<key>remoteRef</key>
				<string>E4328147138ABC890047C5CB</string>
				<key>sourceTree</key>
				<string>BUILT_PRODUCTS_DIR</string>
			</dict>
			<key>E4328149138ABC9F0047C5CB</key>
			<dict>
				<key>fileRef</key>
				<string>E4328148138ABC890047C5CB</string>
				<key>isa</key>
				<string>PBXBuildFile</string>
			</dict>
			<key>E4B69B4A0A3A1720003C02F2</key>
			<dict>
				<key>children</key>
				<array>
					<string>E4B6FCAD0C3E899E008CF71C</string>
					<string>E4EB6923138AFD0F00A09F29</string>
					<string>E4B69E1C0A3A1BDC003C02F2</string>
					<string>E4EEC9E9138DF44700A80321</string>
					<string>BB4B014C10F69532006C3DED</string>
					<string>6948EE371B920CB800B5AC1A</string>
					<string>E4B69B5B0A3A1756003C02F2</string>
				</array>
				<key>isa</key>
				<string>PBXGroup</string>
				<key>sourceTree</key>
				<string>&lt;group&gt;</string>
			</dict>
			<key>E4B69B4C0A3A1720003C02F2</key>
			<dict>
				<key>attributes</key>
				<dict>
					<key>LastUpgradeCheck</key>
					<string>0600</string>
				</dict>
				<key>buildConfigurationList</key>
				<string>E4B69B4D0A3A1720003C02F2</string>
				<key>compatibilityVersion</key>
				<string>Xcode 3.2</string>
				<key>developmentRegion</key>
				<string>English</string>
				<key>hasScannedForEncodings</key>
				<string>0</string>
				<key>isa</key>
				<string>PBXProject</string>
				<key>knownRegions</key>
				<array>
					<string>English</string>
					<string>Japanese</string>
					<string>French</string>
					<string>German</string>
				</array>
				<key>mainGroup</key>
				<string>E4B69B4A0A3A1720003C02F2</string>
				<key>productRefGroup</key>
				<string>E4B69B4A0A3A1720003C02F2</string>
				<key>projectDirPath</key>
				<string />
				<key>projectReferences</key>
				<array>
					<dict>
						<key>ProductGroup</key>
						<string>E4328144138ABC890047C5CB</string>
						<key>ProjectRef</key>
						<string>E4328143138ABC890047C5CB</string>
					</dict>
				</array>
				<key>projectRoot</key>
				<string />
				<key>targets</key>
				<array>
					<string>E4B69B5A0A3A1756003C02F2</string>
				</array>
			</dict>
			<key>E4B69B4D0A3A1720003C02F2</key>
			<dict>
				<key>buildConfigurations</key>
				<array>
					<string>E4B69B4E0A3A1720003C02F2</string>
					<string>E4B69B4F0A3A1720003C02F2</string>
				</array>
				<key>defaultConfigurationIsVisible</key>
				<string>0</string>
				<key>defaultConfigurationName</key>
				<string>Release</string>
				<key>isa</key>
				<string>XCConfigurationList</string>
			</dict>
			<key>E4B69B4E0A3A1720003C02F2</key>
			<dict>
				<key>baseConfigurationReference</key>
				<string>E4EB6923138AFD0F00A09F29</string>
				<key>buildSettings</key>
				<dict>
					<key>HEADER_SEARCH_PATHS</key>
					<array>
						<string>$(OF_CORE_HEADERS)</string>
						<string>src</string>
						<string>../../../../addons/ofxDarkKnight/libs</string>
						<string>../../../../addons/ofxDarkKnight/libs/collections</string>
						<string>../../../../addons/ofxDarkKnight/libs/graphics</string>
						<string>../../../../addons/ofxDarkKnight/libs/modules</string>
						<string>../../../../addons/ofxDarkKnight/libs/ofxDatGui</string>
						<string>../../../../addons/ofxDarkKnight/libs/ofxDatGui/ofxbraitsch</string>
						<string>../../../../addons/ofxDarkKnight/libs/ofxDatGui/ofxbraitsch/fonts</string>
						<string>../../../../addons/ofxDarkKnight/libs/ofxDatGui/ofxbraitsch/ofxdatgui</string>
						<string>../../../../addons/ofxDarkKnight/libs/ofxDatGui/src</string>
						<string>../../../../addons/ofxDarkKnight/libs/ofxDatGui/src/components</string>
						<string>../../../../addons/ofxDarkKnight/libs/ofxDatGui/src/core</string>
						<string>../../../../addons/ofxDarkKnight/libs/ofxDatGui/src/libs</string>
						<string>../../../../addons/ofxDarkKnight/libs/ofxDatGui/src/libs/ofxSmartFont</string>
						<string>../../../../addons/ofxDarkKnight/libs/ofxDatGui/src/themes</string>
						<string>../../../../addons/ofxDarkKnight/src</string>
					</array>
					<key>CONFIGURATION_BUILD_DIR</key>
					<string>$(SRCROOT)/bin/</string>
					<key>COPY_PHASE_STRIP</key>
					<string>NO</string>
					<key>DEAD_CODE_STRIPPING</key>
					<string>YES</string>
					<key>GCC_AUTO_VECTORIZATION</key>
					<string>YES</string>
					<key>GCC_ENABLE_SSE3_EXTENSIONS</key>
					<string>YES</string>
					<key>GCC_ENABLE_SUPPLEMENTAL_SSE3_INSTRUCTIONS</key>
					<string>YES</string>
					<key>GCC_INLINES_ARE_PRIVATE_EXTERN</key>
					<string>NO</string>
					<key>GCC_OPTIMIZATION_LEVEL</key>
					<string>0</string>
					<key>GCC_SYMBOLS_PRIVATE_EXTERN</key>
					<string>NO</string>
					<key>GCC_WARN_ABOUT_DEPRECATED_FUNCTIONS</key>
					<string>YES</string>
					<key>GCC_WARN_ABOUT_INVALID_OFFSETOF_MACRO</key>
					<string>NO</string>
					<key>GCC_WARN_ALLOW_INCOMPLETE_PROTOCOL</key>
					<string>NO</string>
					<key>GCC_WARN_UNINITIALIZED_AUTOS</key>
					<string>NO</string>
					<key>GCC_WARN_UNUSED_VALUE</key>
					<string>NO</string>
					<key>GCC_WARN_UNUSED_VARIABLE</key>
					<string>NO</string>
					<key>MACOSX_DEPLOYMENT_TARGET</key>
					<string>10.8</string>
					<key>ONLY_ACTIVE_ARCH</key>
					<string>YES</string>
					<key>OTHER_CPLUSPLUSFLAGS</key>
					<array>
						<string>-D__MACOSX_CORE__</string>
						<string>-mtune=native</string>
					</array>
					<key>SDKROOT</key>
					<string>macosx</string>
				</dict>
				<key>isa</key>
				<string>XCBuildConfiguration</string>
				<key>name</key>
				<string>Debug</string>
			</dict>
			<key>E4B69B4F0A3A1720003C02F2</key>
			<dict>
				<key>baseConfigurationReference</key>
				<string>E4EB6923138AFD0F00A09F29</string>
				<key>buildSettings</key>
				<dict>
					<key>HEADER_SEARCH_PATHS</key>
					<array>
						<string>$(OF_CORE_HEADERS)</string>
						<string>src</string>
						<string>../../../../addons/ofxDarkKnight/libs</string>
						<string>../../../../addons/ofxDarkKnight/libs/collections</string>
						<string>../../../../addons/ofxDarkKnight/libs/graphics</string>
						<string>../../../../addons/ofxDarkKnight/libs/modules</string>
						<string>../../../../addons/ofxDarkKnight/libs/ofxDatGui</string>
						<string>../../../../addons/ofxDarkKnight/libs/ofxDatGui/ofxbraitsch</string>
						<string>../../../../addons/ofxDarkKnight/libs/ofxDatGui/ofxbraitsch/fonts</string>
						<string>../../../../addons/ofxDarkKnight/libs/ofxDatGui/ofxbraitsch/ofxdatgui</string>
						<string>../../../../addons/ofxDarkKnight/libs/ofxDatGui/src</string>
						<string>../../../../addons/ofxDarkKnight/libs/ofxDatGui/src/components</string>
						<string>../../../../addons/ofxDarkKnight/libs/ofxDatGui/src/core</string>
						<string>../../../../addons/ofxDarkKnight/libs/ofxDatGui/src/libs</string>
						<string>../../../../addons/ofxDarkKnight/libs/ofxDatGui/src/libs/ofxSmartFont</string>
						<string>../../../../addons/ofxDarkKnight/libs/ofxDatGui/src/themes</string>
						<string>../../../../addons/ofxDarkKnight/src</string>
					</array>
					<key>CONFIGURATION_BUILD_DIR</key>
					<string>$(SRCROOT)/bin/</string>
					<key>COPY_PHASE_STRIP</key>
					<string>YES</string>
					<key>DEAD_CODE_STRIPPING</key>
					<string>YES</string>
					<key>GCC_AUTO_VECTORIZATION</key>
					<string>YES</string>
					<key>GCC_ENABLE_SSE3_EXTENSIONS</key>
					<string>YES</string>
					<key>GCC_ENABLE_SUPPLEMENTAL_SSE3_INSTRUCTIONS</key>
					<string>YES</string>
					<key>GCC_INLINES_ARE_PRIVATE_EXTERN</key>
					<string>NO</string>
					<key>GCC_OPTIMIZATION_LEVEL</key>
					<string>3</string>
					<key>GCC_SYMBOLS_PRIVATE_EXTERN</key>
					<string>NO</string>
					<key>GCC_UNROLL_LOOPS</key>
					<string>YES</string>
					<key>GCC_WARN_ABOUT_DEPRECATED_FUNCTIONS</key>
					<string>YES</string>
					<key>GCC_WARN_ABOUT_INVALID_OFFSETOF_MACRO</key>
					<string>NO</string>
					<key>GCC_WARN_ALLOW_INCOMPLETE_PROTOCOL</key>
					<string>NO</string>
					<key>GCC_WARN_UNINITIALIZED_AUTOS</key>
					<string>NO</string>
					<key>GCC_WARN_UNUSED_VALUE</key>
					<string>NO</string>
					<key>GCC_WARN_UNUSED_VARIABLE</key>
					<string>NO</string>
					<key>MACOSX_DEPLOYMENT_TARGET</key>
					<string>10.8</string>
					<key>OTHER_CPLUSPLUSFLAGS</key>
					<array>
						<string>-D__MACOSX_CORE__</string>
						<string>-mtune=native</string>
					</array>
					<key>SDKROOT</key>
					<string>macosx</string>
				</dict>
				<key>isa</key>
				<string>XCBuildConfiguration</string>
				<key>name</key>
				<string>Release</string>
			</dict>
			<key>E4B69B580A3A1756003C02F2</key>
			<dict>
				<key>buildActionMask</key>
				<string>2147483647</string>
				<key>files</key>
				<array>
					<string>E4B69E200A3A1BDC003C02F2</string>
					<string>E4B69E210A3A1BDC003C02F2</string>
					<string>D66C549BEB2FA4ADD4B0B6B5</string>
					<string>B7071B64E773683D41EDF8C1</string>
					<string>9876456FEC938883ED32A4BB</string>
					<string>EB5A81D1F3467DD22E3260B6</string>
					<string>F4A6AFFD8B027B81E83F365B</string>
					<string>816521FE21D5BBC8BEC7CDB8</string>
					<string>B94C7308FDD934CFB789A5C4</string>
					<string>61FE41868969B94A3ADD1CEC</string>
					<string>AE3CCF45A9AD9E9151C5AE35</string>
					<string>DB1A8AADE1A8F5F0402F4660</string>
					<string>4F0CC93C6AFD2A520B3AB79B</string>
					<string>EAF400088813B32B17BE975B</string>
				</array>
				<key>isa</key>
				<string>PBXSourcesBuildPhase</string>
				<key>runOnlyForDeploymentPostprocessing</key>
				<string>0</string>
			</dict>
			<key>E4B69B590A3A1756003C02F2</key>
			<dict>
				<key>buildActionMask</key>
				<string>2147483647</string>
				<key>files</key>
				<array>
					<string>E4328149138ABC9F0047C5CB</string>
				</array>
				<key>isa</key>
				<string>PBXFrameworksBuildPhase</string>
				<key>runOnlyForDeploymentPostprocessing</key>
				<string>0</string>
			</dict>
			<key>E4B69B5A0A3A1756003C02F2</key>
			<dict>
				<key>buildConfigurationList</key>
				<string>E4B69B5F0A3A1757003C02F2</string>
				<key>buildPhases</key>
				<array>
					<string>E4B69B580A3A1756003C02F2</string>
					<string>E4B69B590A3A1756003C02F2</string>
					<string>E4B6FFFD0C3F9AB9008CF71C</string>
					<string>E4C2427710CC5ABF004149E2</string>
				</array>
				<key>buildRules</key>
				<array />
				<key>dependencies</key>
				<array>
					<string>E4EEB9AC138B136A00A80321</string>
				</array>
				<key>isa</key>
				<string>PBXNativeTarget</string>
				<key>name</key>
				<string>Alfred</string>
				<key>productName</key>
				<string>myOFApp</string>
				<key>productReference</key>
				<string>E4B69B5B0A3A1756003C02F2</string>
				<key>productType</key>
				<string>com.apple.product-type.application</string>
			</dict>
			<key>E4B69B5B0A3A1756003C02F2</key>
			<dict>
				<key>explicitFileType</key>
				<string>wrapper.application</string>
				<key>includeInIndex</key>
				<string>0</string>
				<key>isa</key>
				<string>PBXFileReference</string>
				<key>path</key>
				<string>AlfredDebug.app</string>
				<key>sourceTree</key>
				<string>BUILT_PRODUCTS_DIR</string>
			</dict>
			<key>E4B69B5F0A3A1757003C02F2</key>
			<dict>
				<key>buildConfigurations</key>
				<array>
					<string>E4B69B600A3A1757003C02F2</string>
					<string>E4B69B610A3A1757003C02F2</string>
				</array>
				<key>defaultConfigurationIsVisible</key>
				<string>0</string>
				<key>defaultConfigurationName</key>
				<string>Release</string>
				<key>isa</key>
				<string>XCConfigurationList</string>
			</dict>
			<key>E4B69B600A3A1757003C02F2</key>
			<dict>
				<key>baseConfigurationReference</key>
				<string>E4EB6923138AFD0F00A09F29</string>
				<key>buildSettings</key>
				<dict>
					<key>HEADER_SEARCH_PATHS</key>
					<array>
						<string>$(OF_CORE_HEADERS)</string>
						<string>src</string>
						<string>../../../../addons/ofxDarkKnight/libs</string>
						<string>../../../../addons/ofxDarkKnight/libs/collections</string>
						<string>../../../../addons/ofxDarkKnight/libs/graphics</string>
						<string>../../../../addons/ofxDarkKnight/libs/modules</string>
						<string>../../../../addons/ofxDarkKnight/libs/ofxDatGui</string>
						<string>../../../../addons/ofxDarkKnight/libs/ofxDatGui/ofxbraitsch</string>
						<string>../../../../addons/ofxDarkKnight/libs/ofxDatGui/ofxbraitsch/fonts</string>
						<string>../../../../addons/ofxDarkKnight/libs/ofxDatGui/ofxbraitsch/ofxdatgui</string>
						<string>../../../../addons/ofxDarkKnight/libs/ofxDatGui/src</string>
						<string>../../../../addons/ofxDarkKnight/libs/ofxDatGui/src/components</string>
						<string>../../../../addons/ofxDarkKnight/libs/ofxDatGui/src/core</string>
						<string>../../../../addons/ofxDarkKnight/libs/ofxDatGui/src/libs</string>
						<string>../../../../addons/ofxDarkKnight/libs/ofxDatGui/src/libs/ofxSmartFont</string>
						<string>../../../../addons/ofxDarkKnight/libs/ofxDatGui/src/themes</string>
						<string>../../../../addons/ofxDarkKnight/src</string>
					</array>
					<key>COMBINE_HIDPI_IMAGES</key>
					<string>YES</string>
					<key>COPY_PHASE_STRIP</key>
					<string>NO</string>
					<key>FRAMEWORK_SEARCH_PATHS</key>
					<array>
						<string>$(inherited)</string>
						<string>$(FRAMEWORK_SEARCH_PATHS_QUOTED_FOR_TARGET_1)</string>
					</array>
					<key>FRAMEWORK_SEARCH_PATHS_QUOTED_FOR_TARGET_1</key>
					<string>"$(SRCROOT)/../../../../libs/glut/lib/osx"</string>
					<key>GCC_DYNAMIC_NO_PIC</key>
					<string>NO</string>
					<key>GCC_GENERATE_DEBUGGING_SYMBOLS</key>
					<string>YES</string>
					<key>GCC_MODEL_TUNING</key>
					<string>NONE</string>
					<key>ICON</key>
					<string>$(ICON_NAME_DEBUG)</string>
					<key>ICON_FILE</key>
					<string>$(ICON_FILE_PATH)$(ICON)</string>
					<key>INFOPLIST_FILE</key>
					<string>openFrameworks-Info.plist</string>
					<key>INSTALL_PATH</key>
					<string>/Applications</string>
					<key>LIBRARY_SEARCH_PATHS</key>
					<string>$(inherited)</string>
					<key>PRODUCT_NAME</key>
					<string>$(TARGET_NAME)Debug</string>
					<key>WRAPPER_EXTENSION</key>
					<string>app</string>
				</dict>
				<key>isa</key>
				<string>XCBuildConfiguration</string>
				<key>name</key>
				<string>Debug</string>
			</dict>
			<key>E4B69B610A3A1757003C02F2</key>
			<dict>
				<key>baseConfigurationReference</key>
				<string>E4EB6923138AFD0F00A09F29</string>
				<key>buildSettings</key>
				<dict>
					<key>HEADER_SEARCH_PATHS</key>
					<array>
						<string>$(OF_CORE_HEADERS)</string>
						<string>src</string>
						<string>../../../../addons/ofxDarkKnight/libs</string>
						<string>../../../../addons/ofxDarkKnight/libs/collections</string>
						<string>../../../../addons/ofxDarkKnight/libs/graphics</string>
						<string>../../../../addons/ofxDarkKnight/libs/modules</string>
						<string>../../../../addons/ofxDarkKnight/libs/ofxDatGui</string>
						<string>../../../../addons/ofxDarkKnight/libs/ofxDatGui/ofxbraitsch</string>
						<string>../../../../addons/ofxDarkKnight/libs/ofxDatGui/ofxbraitsch/fonts</string>
						<string>../../../../addons/ofxDarkKnight/libs/ofxDatGui/ofxbraitsch/ofxdatgui</string>
						<string>../../../../addons/ofxDarkKnight/libs/ofxDatGui/src</string>
						<string>../../../../addons/ofxDarkKnight/libs/ofxDatGui/src/components</string>
						<string>../../../../addons/ofxDarkKnight/libs/ofxDatGui/src/core</string>
						<string>../../../../addons/ofxDarkKnight/libs/ofxDatGui/src/libs</string>
						<string>../../../../addons/ofxDarkKnight/libs/ofxDatGui/src/libs/ofxSmartFont</string>
						<string>../../../../addons/ofxDarkKnight/libs/ofxDatGui/src/themes</string>
						<string>../../../../addons/ofxDarkKnight/src</string>
					</array>
					<key>COMBINE_HIDPI_IMAGES</key>
					<string>YES</string>
					<key>COPY_PHASE_STRIP</key>
					<string>YES</string>
					<key>FRAMEWORK_SEARCH_PATHS</key>
					<array>
						<string>$(inherited)</string>
						<string>$(FRAMEWORK_SEARCH_PATHS_QUOTED_FOR_TARGET_1)</string>
					</array>
					<key>FRAMEWORK_SEARCH_PATHS_QUOTED_FOR_TARGET_1</key>
					<string>"$(SRCROOT)/../../../../libs/glut/lib/osx"</string>
					<key>GCC_GENERATE_DEBUGGING_SYMBOLS</key>
					<string>YES</string>
					<key>GCC_MODEL_TUNING</key>
					<string>NONE</string>
					<key>ICON</key>
					<string>$(ICON_NAME_RELEASE)</string>
					<key>ICON_FILE</key>
					<string>$(ICON_FILE_PATH)$(ICON)</string>
					<key>INFOPLIST_FILE</key>
					<string>openFrameworks-Info.plist</string>
					<key>INSTALL_PATH</key>
					<string>/Applications</string>
					<key>LIBRARY_SEARCH_PATHS</key>
					<string>$(inherited)</string>
					<key>PRODUCT_NAME</key>
					<string>$(TARGET_NAME)</string>
					<key>WRAPPER_EXTENSION</key>
					<string>app</string>
					<key>baseConfigurationReference</key>
					<string>E4EB6923138AFD0F00A09F29</string>
				</dict>
				<key>isa</key>
				<string>XCBuildConfiguration</string>
				<key>name</key>
				<string>Release</string>
			</dict>
			<key>E4B69E1C0A3A1BDC003C02F2</key>
			<dict>
				<key>children</key>
				<array>
					<string>E4B69E1D0A3A1BDC003C02F2</string>
					<string>E4B69E1E0A3A1BDC003C02F2</string>
					<string>E4B69E1F0A3A1BDC003C02F2</string>
				</array>
				<key>isa</key>
				<string>PBXGroup</string>
				<key>path</key>
				<string>src</string>
				<key>sourceTree</key>
				<string>SOURCE_ROOT</string>
			</dict>
			<key>E4B69E1D0A3A1BDC003C02F2</key>
			<dict>
				<key>fileEncoding</key>
				<string>30</string>
				<key>isa</key>
				<string>PBXFileReference</string>
				<key>lastKnownFileType</key>
				<string>sourcecode.cpp.cpp</string>
				<key>name</key>
				<string>main.cpp</string>
				<key>path</key>
				<string>src/main.cpp</string>
				<key>sourceTree</key>
				<string>SOURCE_ROOT</string>
			</dict>
			<key>E4B69E1E0A3A1BDC003C02F2</key>
			<dict>
				<key>explicitFileType</key>
				<string>sourcecode.cpp.cpp</string>
				<key>fileEncoding</key>
				<string>30</string>
				<key>isa</key>
				<string>PBXFileReference</string>
				<key>name</key>
				<string>ofApp.cpp</string>
				<key>path</key>
				<string>src/ofApp.cpp</string>
				<key>sourceTree</key>
				<string>SOURCE_ROOT</string>
			</dict>
			<key>E4B69E1F0A3A1BDC003C02F2</key>
			<dict>
				<key>fileEncoding</key>
				<string>30</string>
				<key>isa</key>
				<string>PBXFileReference</string>
				<key>lastKnownFileType</key>
				<string>sourcecode.c.h</string>
				<key>name</key>
				<string>ofApp.h</string>
				<key>path</key>
				<string>src/ofApp.h</string>
				<key>sourceTree</key>
				<string>SOURCE_ROOT</string>
			</dict>
			<key>E4B69E200A3A1BDC003C02F2</key>
			<dict>
				<key>fileRef</key>
				<string>E4B69E1D0A3A1BDC003C02F2</string>
				<key>isa</key>
				<string>PBXBuildFile</string>
			</dict>
			<key>E4B69E210A3A1BDC003C02F2</key>
			<dict>
				<key>fileRef</key>
				<string>E4B69E1E0A3A1BDC003C02F2</string>
				<key>isa</key>
				<string>PBXBuildFile</string>
			</dict>
			<key>E4B6FCAD0C3E899E008CF71C</key>
			<dict>
				<key>fileEncoding</key>
				<string>30</string>
				<key>isa</key>
				<string>PBXFileReference</string>
				<key>lastKnownFileType</key>
				<string>text.plist.xml</string>
				<key>path</key>
				<string>openFrameworks-Info.plist</string>
				<key>sourceTree</key>
				<string>&lt;group&gt;</string>
			</dict>
			<key>E4B6FFFD0C3F9AB9008CF71C</key>
			<dict>
				<key>buildActionMask</key>
				<string>2147483647</string>
				<key>files</key>
				<array />
				<key>inputPaths</key>
				<array />
				<key>isa</key>
				<string>PBXShellScriptBuildPhase</string>
				<key>outputPaths</key>
				<array />
				<key>runOnlyForDeploymentPostprocessing</key>
				<string>0</string>
				<key>shellPath</key>
				<string>/bin/sh</string>
				<key>shellScript</key>
				<string>mkdir -p "$TARGET_BUILD_DIR/$PRODUCT_NAME.app/Contents/Resources/"
# Copy default icon file into App/Resources
rsync -aved "$ICON_FILE" "$TARGET_BUILD_DIR/$PRODUCT_NAME.app/Contents/Resources/"
# Copy libfmod and change install directory for fmod to run
rsync -aved ../../../../libs/fmodex/lib/osx/libfmodex.dylib "$TARGET_BUILD_DIR/$PRODUCT_NAME.app/Contents/Frameworks/";
install_name_tool -change @executable_path/libfmodex.dylib @executable_path/../Frameworks/libfmodex.dylib "$TARGET_BUILD_DIR/$PRODUCT_NAME.app/Contents/MacOS/$PRODUCT_NAME";
# Copy GLUT framework (must remove for AppStore submissions)
rsync -aved ../../../../libs/glut/lib/osx/GLUT.framework "$TARGET_BUILD_DIR/$PRODUCT_NAME.app/Contents/Frameworks/"
</string>
			</dict>
			<key>E4C2427710CC5ABF004149E2</key>
			<dict>
				<key>buildActionMask</key>
				<string>2147483647</string>
				<key>dstPath</key>
				<string />
				<key>dstSubfolderSpec</key>
				<string>10</string>
				<key>files</key>
				<array />
				<key>isa</key>
				<string>PBXCopyFilesBuildPhase</string>
				<key>runOnlyForDeploymentPostprocessing</key>
				<string>0</string>
			</dict>
			<key>E4EB691F138AFCF100A09F29</key>
			<dict>
				<key>fileEncoding</key>
				<string>4</string>
				<key>isa</key>
				<string>PBXFileReference</string>
				<key>lastKnownFileType</key>
				<string>text.xcconfig</string>
				<key>name</key>
				<string>CoreOF.xcconfig</string>
				<key>path</key>
				<string>../../../../libs/openFrameworksCompiled/project/osx/CoreOF.xcconfig</string>
				<key>sourceTree</key>
				<string>SOURCE_ROOT</string>
			</dict>
			<key>E4EB6923138AFD0F00A09F29</key>
			<dict>
				<key>fileEncoding</key>
				<string>4</string>
				<key>isa</key>
				<string>PBXFileReference</string>
				<key>lastKnownFileType</key>
				<string>text.xcconfig</string>
				<key>path</key>
				<string>Project.xcconfig</string>
				<key>sourceTree</key>
				<string>&lt;group&gt;</string>
			</dict>
			<key>E4EEB9AB138B136A00A80321</key>
			<dict>
				<key>containerPortal</key>
				<string>E4328143138ABC890047C5CB</string>
				<key>isa</key>
				<string>PBXContainerItemProxy</string>
				<key>proxyType</key>
				<string>1</string>
				<key>remoteGlobalIDString</key>
				<string>E4B27C1410CBEB8E00536013</string>
				<key>remoteInfo</key>
				<string>openFrameworks</string>
			</dict>
			<key>E4EEB9AC138B136A00A80321</key>
			<dict>
				<key>isa</key>
				<string>PBXTargetDependency</string>
				<key>name</key>
				<string>openFrameworks</string>
				<key>targetProxy</key>
				<string>E4EEB9AB138B136A00A80321</string>
			</dict>
			<key>E4EEC9E9138DF44700A80321</key>
			<dict>
				<key>children</key>
				<array>
					<string>E4EB691F138AFCF100A09F29</string>
					<string>E4328143138ABC890047C5CB</string>
				</array>
				<key>isa</key>
				<string>PBXGroup</string>
				<key>name</key>
				<string>openFrameworks</string>
				<key>sourceTree</key>
				<string>&lt;group&gt;</string>
			</dict>
		</dict>
		<key>rootObject</key>
		<string>E4B69B4C0A3A1720003C02F2</string>
	</dict>
</plist>
